// !$*UTF8*$!
{
	archiveVersion = 1;
	classes = {
	};
	objectVersion = 46;
	objects = {

/* Begin PBXBuildFile section */
		2C23D8C417530F6D00B82DA9 /* SAOClubMapViewController.m in Sources */ = {isa = PBXBuildFile; fileRef = 2C23D8C317530F6D00B82DA9 /* SAOClubMapViewController.m */; };
		2C23D8CA175317A200B82DA9 /* SAOEditProfileViewController.m in Sources */ = {isa = PBXBuildFile; fileRef = 2C23D8C9175317A200B82DA9 /* SAOEditProfileViewController.m */; };
		2C31B8DF17443CBA008801D4 /* UIKit.framework in Frameworks */ = {isa = PBXBuildFile; fileRef = 2C31B8DE17443CBA008801D4 /* UIKit.framework */; };
		2C31B8E117443CBA008801D4 /* Foundation.framework in Frameworks */ = {isa = PBXBuildFile; fileRef = 2C31B8E017443CBA008801D4 /* Foundation.framework */; };
		2C31B8E317443CBA008801D4 /* CoreGraphics.framework in Frameworks */ = {isa = PBXBuildFile; fileRef = 2C31B8E217443CBA008801D4 /* CoreGraphics.framework */; };
		2C31B8EB17443CBA008801D4 /* main.m in Sources */ = {isa = PBXBuildFile; fileRef = 2C31B8EA17443CBA008801D4 /* main.m */; };
		2C31B8EF17443CBA008801D4 /* SAOAppDelegate.m in Sources */ = {isa = PBXBuildFile; fileRef = 2C31B8EE17443CBA008801D4 /* SAOAppDelegate.m */; };
		2C31B8FB17443CBA008801D4 /* SAOViewController.m in Sources */ = {isa = PBXBuildFile; fileRef = 2C31B8FA17443CBA008801D4 /* SAOViewController.m */; };
		2C31B90617445367008801D4 /* SAOClubTableViewController.m in Sources */ = {isa = PBXBuildFile; fileRef = 2C31B90517445367008801D4 /* SAOClubTableViewController.m */; };
		2C6FBFE817BB84020047CC05 /* SAOButton.m in Sources */ = {isa = PBXBuildFile; fileRef = 2C6FBFE717BB84020047CC05 /* SAOButton.m */; };
		2C6FBFF417BBCD030047CC05 /* SAOTappableView.m in Sources */ = {isa = PBXBuildFile; fileRef = 2C6FBFF317BBCD030047CC05 /* SAOTappableView.m */; };
		2C8C9664174BCFBB000416F1 /* SAOClubDataViewController.m in Sources */ = {isa = PBXBuildFile; fileRef = 2C8C9663174BCFBB000416F1 /* SAOClubDataViewController.m */; };
		2C8C9667174BCFE8000416F1 /* SAOProfileViewController.m in Sources */ = {isa = PBXBuildFile; fileRef = 2C8C9666174BCFE8000416F1 /* SAOProfileViewController.m */; };
		2C8F585817CC7B0A0092E639 /* MessageUI.framework in Frameworks */ = {isa = PBXBuildFile; fileRef = 2C8F585717CC7B0A0092E639 /* MessageUI.framework */; };
		2C8F587B17CC81310092E639 /* SAOLoginViewController.m in Sources */ = {isa = PBXBuildFile; fileRef = 2C8F587A17CC81310092E639 /* SAOLoginViewController.m */; };
		2C937FDD174472780095EFB7 /* CoreData.framework in Frameworks */ = {isa = PBXBuildFile; fileRef = 2C937FDC174472780095EFB7 /* CoreData.framework */; };
		2C937FEF1746A05C0095EFB7 /* CSVParser.m in Sources */ = {isa = PBXBuildFile; fileRef = 2C937FEE1746A05C0095EFB7 /* CSVParser.m */; };
		B4490BEC1982FABF00580C70 /* MainStoryboard.storyboard in Resources */ = {isa = PBXBuildFile; fileRef = B4F9FDC5198210D100F1409B /* MainStoryboard.storyboard */; };
		B4490BED1982FAEE00580C70 /* SAO-Tab-png@2x.png in Resources */ = {isa = PBXBuildFile; fileRef = B4F9FE03198210D100F1409B /* SAO-Tab-png@2x.png */; };
		B4490BEE1982FAEE00580C70 /* SAO-Tab-Long-png.png in Resources */ = {isa = PBXBuildFile; fileRef = B4F9FE04198210D100F1409B /* SAO-Tab-Long-png.png */; };
		B4490BEF1982FAEE00580C70 /* SAO-Tab-png.png in Resources */ = {isa = PBXBuildFile; fileRef = B4F9FE05198210D100F1409B /* SAO-Tab-png.png */; };
		B4490BF11982FB0800580C70 /* SAO Tab Tappable @2x.jpg in Resources */ = {isa = PBXBuildFile; fileRef = B4F9FD9A198210D100F1409B /* SAO Tab Tappable @2x.jpg */; };
		B4490BF21982FB0800580C70 /* SAO Tab Tappable.jpg in Resources */ = {isa = PBXBuildFile; fileRef = B4F9FD9B198210D100F1409B /* SAO Tab Tappable.jpg */; };
		B4490BF31982FB1500580C70 /* Home.png in Resources */ = {isa = PBXBuildFile; fileRef = 2CF8BA32175DA64900B57F36 /* Home.png */; };
		B4490BF41982FB1500580C70 /* Home@2x.png in Resources */ = {isa = PBXBuildFile; fileRef = 2CF8BA33175DA64900B57F36 /* Home@2x.png */; };
		B4490BF51982FB1500580C70 /* clubs tab bar icon.png in Resources */ = {isa = PBXBuildFile; fileRef = 2CA8A91F17581F8B0012718E /* clubs tab bar icon.png */; };
		B4490BF61982FB1500580C70 /* clubs tab bar icon@2x.png in Resources */ = {isa = PBXBuildFile; fileRef = 2CA8A92017581F8B0012718E /* clubs tab bar icon@2x.png */; };
		B4490BF71982FB1500580C70 /* maps tab bar icon.png in Resources */ = {isa = PBXBuildFile; fileRef = 2CA8A92117581F8B0012718E /* maps tab bar icon.png */; };
		B4490BF81982FB1500580C70 /* maps tab bar icon@2x.png in Resources */ = {isa = PBXBuildFile; fileRef = 2CA8A92217581F8B0012718E /* maps tab bar icon@2x.png */; };
		B4490BF91982FB1500580C70 /* profile tab bar icon.png in Resources */ = {isa = PBXBuildFile; fileRef = 2CA8A92317581F8B0012718E /* profile tab bar icon.png */; };
		B4490BFA1982FB1500580C70 /* profile tab bar icon@2x.png in Resources */ = {isa = PBXBuildFile; fileRef = 2CA8A92417581F8B0012718E /* profile tab bar icon@2x.png */; };
		B4490BFB1982FB1500580C70 /* SAO tab bar icon.png in Resources */ = {isa = PBXBuildFile; fileRef = 2CA8A92517581F8B0012718E /* SAO tab bar icon.png */; };
		B4490BFC1982FB1500580C70 /* SAO tab bar icon@2x.png in Resources */ = {isa = PBXBuildFile; fileRef = 2CA8A92617581F8B0012718E /* SAO tab bar icon@2x.png */; };
		B4490C0F1982FB5A00580C70 /* Default-568h@2x.png in Resources */ = {isa = PBXBuildFile; fileRef = B4F9FD5D19820DFA00F1409B /* Default-568h@2x.png */; };
		B4490C101982FB9C00580C70 /* Academic cell.png in Resources */ = {isa = PBXBuildFile; fileRef = 2C8F585A17CC7F940092E639 /* Academic cell.png */; };
		B4490C111982FB9C00580C70 /* Academic cell@2x.png in Resources */ = {isa = PBXBuildFile; fileRef = 2C8F585B17CC7F940092E639 /* Academic cell@2x.png */; };
		B4490C121982FB9C00580C70 /* Athletic cell.png in Resources */ = {isa = PBXBuildFile; fileRef = 2C8F585C17CC7F940092E639 /* Athletic cell.png */; };
		B4490C131982FB9C00580C70 /* Athletic cell@2x.png in Resources */ = {isa = PBXBuildFile; fileRef = 2C8F585D17CC7F940092E639 /* Athletic cell@2x.png */; };
		B4490C141982FB9C00580C70 /* Cultural cell.png in Resources */ = {isa = PBXBuildFile; fileRef = 2C8F585E17CC7F940092E639 /* Cultural cell.png */; };
		B4490C151982FB9C00580C70 /* Cultural cell@2x.png in Resources */ = {isa = PBXBuildFile; fileRef = 2C8F585F17CC7F940092E639 /* Cultural cell@2x.png */; };
		B4490C161982FB9C00580C70 /* Performing Arts cell.png in Resources */ = {isa = PBXBuildFile; fileRef = 2C8F586017CC7F940092E639 /* Performing Arts cell.png */; };
		B4490C171982FB9C00580C70 /* Performing Arts cell@2x.png in Resources */ = {isa = PBXBuildFile; fileRef = 2C8F586117CC7F940092E639 /* Performing Arts cell@2x.png */; };
		B4490C181982FB9C00580C70 /* Social Service cell.png in Resources */ = {isa = PBXBuildFile; fileRef = 2C8F586217CC7F940092E639 /* Social Service cell.png */; };
		B4490C191982FB9C00580C70 /* Social Service cell@2x.png in Resources */ = {isa = PBXBuildFile; fileRef = 2C8F586317CC7F940092E639 /* Social Service cell@2x.png */; };
		B4490C1A1982FB9C00580C70 /* Special Interest cell.png in Resources */ = {isa = PBXBuildFile; fileRef = 2C8F586417CC7F940092E639 /* Special Interest cell.png */; };
		B4490C1B1982FB9C00580C70 /* Special Interest cell@2x.png in Resources */ = {isa = PBXBuildFile; fileRef = 2C8F586517CC7F940092E639 /* Special Interest cell@2x.png */; };
		B4490C1C1982FBE100580C70 /* EmptyStar.png in Resources */ = {isa = PBXBuildFile; fileRef = B4F9FD7C198210D100F1409B /* EmptyStar.png */; };
		B4490C1D1982FBE100580C70 /* EmptyStarNoShadow.png in Resources */ = {isa = PBXBuildFile; fileRef = B4F9FD7D198210D100F1409B /* EmptyStarNoShadow.png */; };
		B4490C1E1982FBE100580C70 /* FilledStar.png in Resources */ = {isa = PBXBuildFile; fileRef = B4F9FD82198210D100F1409B /* FilledStar.png */; };
		B4490C1F1982FBE100580C70 /* FilledStarNoShadow.png in Resources */ = {isa = PBXBuildFile; fileRef = B4F9FD83198210D100F1409B /* FilledStarNoShadow.png */; };
		B4490C221982FEEF00580C70 /* SAO Tab No Facts 320x650.jpg in Resources */ = {isa = PBXBuildFile; fileRef = B4F9FD99198210D100F1409B /* SAO Tab No Facts 320x650.jpg */; };
		B4490C231982FEEF00580C70 /* SAO Tab No Facts 320x411.jpg in Resources */ = {isa = PBXBuildFile; fileRef = 2C8F58A117CC84160092E639 /* SAO Tab No Facts 320x411.jpg */; };
		B45B3D0F199057CB00799D74 /* Images.xcassets in Resources */ = {isa = PBXBuildFile; fileRef = B45B3D0E199057CB00799D74 /* Images.xcassets */; };
		B45B3D1319905B8B00799D74 /* Setting Icon.png in Resources */ = {isa = PBXBuildFile; fileRef = B45B3D1019905B8B00799D74 /* Setting Icon.png */; };
		B45B3D1419905B8B00799D74 /* Spotlight Icon@2x.png in Resources */ = {isa = PBXBuildFile; fileRef = B45B3D1119905B8B00799D74 /* Spotlight Icon@2x.png */; };
		B45B3D1719905D1B00799D74 /* Icon@2x.png in Resources */ = {isa = PBXBuildFile; fileRef = B45B3D1619905D1B00799D74 /* Icon@2x.png */; };
		B45B3D1919905D6500799D74 /* Icon.png in Resources */ = {isa = PBXBuildFile; fileRef = B45B3D1819905D6500799D74 /* Icon.png */; };
		B47B6EA81992CAA2002763AE /* SAO_Map.png in Resources */ = {isa = PBXBuildFile; fileRef = B47B6EA71992CAA2002763AE /* SAO_Map.png */; };
		B4907D66198C78E300C33C00 /* SAO_Map.jpg in Resources */ = {isa = PBXBuildFile; fileRef = B4907D65198C78E300C33C00 /* SAO_Map.jpg */; };
		B4F2248A198477CF000A0192 /* Academic-tall.png in Resources */ = {isa = PBXBuildFile; fileRef = B4F22472198477CF000A0192 /* Academic-tall.png */; };
		B4F2248B198477CF000A0192 /* Academic.png in Resources */ = {isa = PBXBuildFile; fileRef = B4F22473198477CF000A0192 /* Academic.png */; };
		B4F2248C198477CF000A0192 /* Academic@2x.png in Resources */ = {isa = PBXBuildFile; fileRef = B4F22474198477CF000A0192 /* Academic@2x.png */; };
		B4F2248D198477CF000A0192 /* Athletic-tall.png in Resources */ = {isa = PBXBuildFile; fileRef = B4F22475198477CF000A0192 /* Athletic-tall.png */; };
		B4F2248E198477CF000A0192 /* Athletic.png in Resources */ = {isa = PBXBuildFile; fileRef = B4F22476198477CF000A0192 /* Athletic.png */; };
		B4F2248F198477CF000A0192 /* Athletic@2x.png in Resources */ = {isa = PBXBuildFile; fileRef = B4F22477198477CF000A0192 /* Athletic@2x.png */; };
		B4F22490198477CF000A0192 /* Cultural-tall.png in Resources */ = {isa = PBXBuildFile; fileRef = B4F22478198477CF000A0192 /* Cultural-tall.png */; };
		B4F22491198477CF000A0192 /* Cultural.png in Resources */ = {isa = PBXBuildFile; fileRef = B4F22479198477CF000A0192 /* Cultural.png */; };
		B4F22492198477CF000A0192 /* Cultural@2x.png in Resources */ = {isa = PBXBuildFile; fileRef = B4F2247A198477CF000A0192 /* Cultural@2x.png */; };
		B4F22493198477CF000A0192 /* Performing Arts-tall.png in Resources */ = {isa = PBXBuildFile; fileRef = B4F2247B198477CF000A0192 /* Performing Arts-tall.png */; };
		B4F22494198477CF000A0192 /* Performing Arts.png in Resources */ = {isa = PBXBuildFile; fileRef = B4F2247C198477CF000A0192 /* Performing Arts.png */; };
		B4F22495198477CF000A0192 /* Performing Arts@2x.png in Resources */ = {isa = PBXBuildFile; fileRef = B4F2247D198477CF000A0192 /* Performing Arts@2x.png */; };
		B4F22496198477CF000A0192 /* Social Service-tall.png in Resources */ = {isa = PBXBuildFile; fileRef = B4F2247E198477CF000A0192 /* Social Service-tall.png */; };
		B4F22497198477CF000A0192 /* Social Service.png in Resources */ = {isa = PBXBuildFile; fileRef = B4F2247F198477CF000A0192 /* Social Service.png */; };
		B4F22498198477CF000A0192 /* Social Service@2x.png in Resources */ = {isa = PBXBuildFile; fileRef = B4F22480198477CF000A0192 /* Social Service@2x.png */; };
		B4F22499198477CF000A0192 /* Special Interest-tall.png in Resources */ = {isa = PBXBuildFile; fileRef = B4F22481198477CF000A0192 /* Special Interest-tall.png */; };
		B4F2249A198477CF000A0192 /* Special Interest.png in Resources */ = {isa = PBXBuildFile; fileRef = B4F22482198477CF000A0192 /* Special Interest.png */; };
		B4F2249B198477CF000A0192 /* Special Interest@2x.png in Resources */ = {isa = PBXBuildFile; fileRef = B4F22483198477CF000A0192 /* Special Interest@2x.png */; };
		B4F2249C198477CF000A0192 /* Student Activity-tall.png in Resources */ = {isa = PBXBuildFile; fileRef = B4F22484198477CF000A0192 /* Student Activity-tall.png */; };
		B4F2249D198477CF000A0192 /* Student Activity.png in Resources */ = {isa = PBXBuildFile; fileRef = B4F22485198477CF000A0192 /* Student Activity.png */; };
		B4F2249E198477CF000A0192 /* Student Activity@2x.png in Resources */ = {isa = PBXBuildFile; fileRef = B4F22486198477CF000A0192 /* Student Activity@2x.png */; };
		B4F224A419847D91000A0192 /* Student Activity cell.png in Resources */ = {isa = PBXBuildFile; fileRef = B4F224A219847D91000A0192 /* Student Activity cell.png */; };
		B4F224A519847D91000A0192 /* Student Activity cell@2x.png in Resources */ = {isa = PBXBuildFile; fileRef = B4F224A319847D91000A0192 /* Student Activity cell@2x.png */; };
		B4F9FE40198210D100F1409B /* SAOClubNavigationController.m in Sources */ = {isa = PBXBuildFile; fileRef = B4F9FDA7198210D100F1409B /* SAOClubNavigationController.m */; };
		B4F9FE45198210D100F1409B /* SAOTabBarController.m in Sources */ = {isa = PBXBuildFile; fileRef = B4F9FDB1198210D100F1409B /* SAOTabBarController.m */; };
/* End PBXBuildFile section */

/* Begin PBXFileReference section */
		2C23D8C217530F6D00B82DA9 /* SAOClubMapViewController.h */ = {isa = PBXFileReference; fileEncoding = 4; lastKnownFileType = sourcecode.c.h; path = SAOClubMapViewController.h; sourceTree = "<group>"; };
		2C23D8C317530F6D00B82DA9 /* SAOClubMapViewController.m */ = {isa = PBXFileReference; fileEncoding = 4; lastKnownFileType = sourcecode.c.objc; path = SAOClubMapViewController.m; sourceTree = "<group>"; };
		2C23D8C8175317A200B82DA9 /* SAOEditProfileViewController.h */ = {isa = PBXFileReference; fileEncoding = 4; lastKnownFileType = sourcecode.c.h; path = SAOEditProfileViewController.h; sourceTree = "<group>"; };
		2C23D8C9175317A200B82DA9 /* SAOEditProfileViewController.m */ = {isa = PBXFileReference; fileEncoding = 4; lastKnownFileType = sourcecode.c.objc; path = SAOEditProfileViewController.m; sourceTree = "<group>"; };
		2C31B8DB17443CBA008801D4 /* SAO.app */ = {isa = PBXFileReference; explicitFileType = wrapper.application; includeInIndex = 0; path = SAO.app; sourceTree = BUILT_PRODUCTS_DIR; };
		2C31B8DE17443CBA008801D4 /* UIKit.framework */ = {isa = PBXFileReference; lastKnownFileType = wrapper.framework; name = UIKit.framework; path = System/Library/Frameworks/UIKit.framework; sourceTree = SDKROOT; };
		2C31B8E017443CBA008801D4 /* Foundation.framework */ = {isa = PBXFileReference; lastKnownFileType = wrapper.framework; name = Foundation.framework; path = System/Library/Frameworks/Foundation.framework; sourceTree = SDKROOT; };
		2C31B8E217443CBA008801D4 /* CoreGraphics.framework */ = {isa = PBXFileReference; lastKnownFileType = wrapper.framework; name = CoreGraphics.framework; path = System/Library/Frameworks/CoreGraphics.framework; sourceTree = SDKROOT; };
		2C31B8E617443CBA008801D4 /* SAO-Info.plist */ = {isa = PBXFileReference; lastKnownFileType = text.plist.xml; path = "SAO-Info.plist"; sourceTree = "<group>"; };
		2C31B8E817443CBA008801D4 /* en */ = {isa = PBXFileReference; lastKnownFileType = text.plist.strings; name = en; path = en.lproj/InfoPlist.strings; sourceTree = "<group>"; };
		2C31B8EA17443CBA008801D4 /* main.m */ = {isa = PBXFileReference; lastKnownFileType = sourcecode.c.objc; path = main.m; sourceTree = "<group>"; };
		2C31B8EC17443CBA008801D4 /* SAO-Prefix.pch */ = {isa = PBXFileReference; lastKnownFileType = sourcecode.c.h; path = "SAO-Prefix.pch"; sourceTree = "<group>"; };
		2C31B8ED17443CBA008801D4 /* SAOAppDelegate.h */ = {isa = PBXFileReference; lastKnownFileType = sourcecode.c.h; path = SAOAppDelegate.h; sourceTree = "<group>"; };
		2C31B8EE17443CBA008801D4 /* SAOAppDelegate.m */ = {isa = PBXFileReference; lastKnownFileType = sourcecode.c.objc; path = SAOAppDelegate.m; sourceTree = "<group>"; };
		2C31B8F717443CBA008801D4 /* en */ = {isa = PBXFileReference; lastKnownFileType = file.storyboard; name = en; path = en.lproj/MainStoryboard.storyboard; sourceTree = "<group>"; };
		2C31B8F917443CBA008801D4 /* SAOViewController.h */ = {isa = PBXFileReference; lastKnownFileType = sourcecode.c.h; path = SAOViewController.h; sourceTree = "<group>"; };
		2C31B8FA17443CBA008801D4 /* SAOViewController.m */ = {isa = PBXFileReference; lastKnownFileType = sourcecode.c.objc; path = SAOViewController.m; sourceTree = "<group>"; };
		2C31B90417445367008801D4 /* SAOClubTableViewController.h */ = {isa = PBXFileReference; fileEncoding = 4; lastKnownFileType = sourcecode.c.h; path = SAOClubTableViewController.h; sourceTree = "<group>"; };
		2C31B90517445367008801D4 /* SAOClubTableViewController.m */ = {isa = PBXFileReference; fileEncoding = 4; lastKnownFileType = sourcecode.c.objc; path = SAOClubTableViewController.m; sourceTree = "<group>"; };
		2C3EDEE017B1CC6C001B7105 /* SAOClubNavigationController.h */ = {isa = PBXFileReference; fileEncoding = 4; lastKnownFileType = sourcecode.c.h; path = SAOClubNavigationController.h; sourceTree = "<group>"; };
		2C3EDEE117B1CC6C001B7105 /* SAOClubNavigationController.m */ = {isa = PBXFileReference; fileEncoding = 4; lastKnownFileType = sourcecode.c.objc; path = SAOClubNavigationController.m; sourceTree = "<group>"; };
		2C6FBFE417BB77FC0047CC05 /* SAO Tab No Facts 320x650.jpg */ = {isa = PBXFileReference; lastKnownFileType = image.jpeg; path = "SAO Tab No Facts 320x650.jpg"; sourceTree = "<group>"; };
		2C6FBFE617BB84020047CC05 /* SAOButton.h */ = {isa = PBXFileReference; fileEncoding = 4; lastKnownFileType = sourcecode.c.h; path = SAOButton.h; sourceTree = "<group>"; };
		2C6FBFE717BB84020047CC05 /* SAOButton.m */ = {isa = PBXFileReference; fileEncoding = 4; lastKnownFileType = sourcecode.c.objc; path = SAOButton.m; sourceTree = "<group>"; };
		2C6FBFEA17BB9EFB0047CC05 /* EmptyStar.png */ = {isa = PBXFileReference; lastKnownFileType = image.png; path = EmptyStar.png; sourceTree = "<group>"; };
		2C6FBFEB17BB9EFB0047CC05 /* EmptyStarNoShadow.png */ = {isa = PBXFileReference; lastKnownFileType = image.png; path = EmptyStarNoShadow.png; sourceTree = "<group>"; };
		2C6FBFEC17BB9EFB0047CC05 /* FilledStar.png */ = {isa = PBXFileReference; lastKnownFileType = image.png; path = FilledStar.png; sourceTree = "<group>"; };
		2C6FBFED17BB9EFB0047CC05 /* FilledStarNoShadow.png */ = {isa = PBXFileReference; lastKnownFileType = image.png; path = FilledStarNoShadow.png; sourceTree = "<group>"; };
		2C6FBFF217BBCD030047CC05 /* SAOTappableView.h */ = {isa = PBXFileReference; fileEncoding = 4; lastKnownFileType = sourcecode.c.h; path = SAOTappableView.h; sourceTree = "<group>"; };
		2C6FBFF317BBCD030047CC05 /* SAOTappableView.m */ = {isa = PBXFileReference; fileEncoding = 4; lastKnownFileType = sourcecode.c.objc; path = SAOTappableView.m; sourceTree = "<group>"; };
		2C6FBFF517BBD7C80047CC05 /* SAOTabBarController.h */ = {isa = PBXFileReference; fileEncoding = 4; lastKnownFileType = sourcecode.c.h; path = SAOTabBarController.h; sourceTree = "<group>"; };
		2C6FBFF617BBD7C80047CC05 /* SAOTabBarController.m */ = {isa = PBXFileReference; fileEncoding = 4; lastKnownFileType = sourcecode.c.objc; path = SAOTabBarController.m; sourceTree = "<group>"; };
		2C8C9662174BCFBB000416F1 /* SAOClubDataViewController.h */ = {isa = PBXFileReference; fileEncoding = 4; lastKnownFileType = sourcecode.c.h; path = SAOClubDataViewController.h; sourceTree = "<group>"; };
		2C8C9663174BCFBB000416F1 /* SAOClubDataViewController.m */ = {isa = PBXFileReference; fileEncoding = 4; lastKnownFileType = sourcecode.c.objc; path = SAOClubDataViewController.m; sourceTree = "<group>"; };
		2C8C9665174BCFE8000416F1 /* SAOProfileViewController.h */ = {isa = PBXFileReference; fileEncoding = 4; lastKnownFileType = sourcecode.c.h; path = SAOProfileViewController.h; sourceTree = "<group>"; };
		2C8C9666174BCFE8000416F1 /* SAOProfileViewController.m */ = {isa = PBXFileReference; fileEncoding = 4; lastKnownFileType = sourcecode.c.objc; path = SAOProfileViewController.m; sourceTree = "<group>"; };
		2C8F585717CC7B0A0092E639 /* MessageUI.framework */ = {isa = PBXFileReference; lastKnownFileType = wrapper.framework; name = MessageUI.framework; path = System/Library/Frameworks/MessageUI.framework; sourceTree = SDKROOT; };
		2C8F585A17CC7F940092E639 /* Academic cell.png */ = {isa = PBXFileReference; lastKnownFileType = image.png; path = "Academic cell.png"; sourceTree = "<group>"; };
		2C8F585B17CC7F940092E639 /* Academic cell@2x.png */ = {isa = PBXFileReference; lastKnownFileType = image.png; path = "Academic cell@2x.png"; sourceTree = "<group>"; };
		2C8F585C17CC7F940092E639 /* Athletic cell.png */ = {isa = PBXFileReference; lastKnownFileType = image.png; path = "Athletic cell.png"; sourceTree = "<group>"; };
		2C8F585D17CC7F940092E639 /* Athletic cell@2x.png */ = {isa = PBXFileReference; lastKnownFileType = image.png; path = "Athletic cell@2x.png"; sourceTree = "<group>"; };
		2C8F585E17CC7F940092E639 /* Cultural cell.png */ = {isa = PBXFileReference; lastKnownFileType = image.png; path = "Cultural cell.png"; sourceTree = "<group>"; };
		2C8F585F17CC7F940092E639 /* Cultural cell@2x.png */ = {isa = PBXFileReference; lastKnownFileType = image.png; path = "Cultural cell@2x.png"; sourceTree = "<group>"; };
		2C8F586017CC7F940092E639 /* Performing Arts cell.png */ = {isa = PBXFileReference; lastKnownFileType = image.png; path = "Performing Arts cell.png"; sourceTree = "<group>"; };
		2C8F586117CC7F940092E639 /* Performing Arts cell@2x.png */ = {isa = PBXFileReference; lastKnownFileType = image.png; path = "Performing Arts cell@2x.png"; sourceTree = "<group>"; };
		2C8F586217CC7F940092E639 /* Social Service cell.png */ = {isa = PBXFileReference; lastKnownFileType = image.png; path = "Social Service cell.png"; sourceTree = "<group>"; };
		2C8F586317CC7F940092E639 /* Social Service cell@2x.png */ = {isa = PBXFileReference; lastKnownFileType = image.png; path = "Social Service cell@2x.png"; sourceTree = "<group>"; };
		2C8F586417CC7F940092E639 /* Special Interest cell.png */ = {isa = PBXFileReference; lastKnownFileType = image.png; path = "Special Interest cell.png"; sourceTree = "<group>"; };
		2C8F586517CC7F940092E639 /* Special Interest cell@2x.png */ = {isa = PBXFileReference; lastKnownFileType = image.png; path = "Special Interest cell@2x.png"; sourceTree = "<group>"; };
		2C8F587317CC7FE50092E639 /* Login@2x.jpg */ = {isa = PBXFileReference; lastKnownFileType = image.jpeg; path = "Login@2x.jpg"; sourceTree = "<group>"; };
		2C8F587417CC7FE50092E639 /* Login Long.jpg */ = {isa = PBXFileReference; lastKnownFileType = image.jpeg; path = "Login Long.jpg"; sourceTree = "<group>"; };
		2C8F587517CC7FE50092E639 /* Login.jpg */ = {isa = PBXFileReference; lastKnownFileType = image.jpeg; path = Login.jpg; sourceTree = "<group>"; };
		2C8F587917CC81300092E639 /* SAOLoginViewController.h */ = {isa = PBXFileReference; fileEncoding = 4; lastKnownFileType = sourcecode.c.h; path = SAOLoginViewController.h; sourceTree = "<group>"; };
		2C8F587A17CC81310092E639 /* SAOLoginViewController.m */ = {isa = PBXFileReference; fileEncoding = 4; lastKnownFileType = sourcecode.c.objc; path = SAOLoginViewController.m; sourceTree = "<group>"; };
		2C8F587D17CC82900092E639 /* Academic-tall.png */ = {isa = PBXFileReference; lastKnownFileType = image.png; path = "Academic-tall.png"; sourceTree = "<group>"; };
		2C8F587E17CC82900092E639 /* Academic.png */ = {isa = PBXFileReference; lastKnownFileType = image.png; path = Academic.png; sourceTree = "<group>"; };
		2C8F587F17CC82900092E639 /* Academic@2x.png */ = {isa = PBXFileReference; lastKnownFileType = image.png; path = "Academic@2x.png"; sourceTree = "<group>"; };
		2C8F588017CC82900092E639 /* Athletic-tall.png */ = {isa = PBXFileReference; lastKnownFileType = image.png; path = "Athletic-tall.png"; sourceTree = "<group>"; };
		2C8F588117CC82900092E639 /* Athletic.png */ = {isa = PBXFileReference; lastKnownFileType = image.png; path = Athletic.png; sourceTree = "<group>"; };
		2C8F588217CC82900092E639 /* Athletic@2x.png */ = {isa = PBXFileReference; lastKnownFileType = image.png; path = "Athletic@2x.png"; sourceTree = "<group>"; };
		2C8F588317CC82900092E639 /* Cultural-tall.png */ = {isa = PBXFileReference; lastKnownFileType = image.png; path = "Cultural-tall.png"; sourceTree = "<group>"; };
		2C8F588417CC82900092E639 /* Cultural.png */ = {isa = PBXFileReference; lastKnownFileType = image.png; path = Cultural.png; sourceTree = "<group>"; };
		2C8F588517CC82900092E639 /* Cultural@2x.png */ = {isa = PBXFileReference; lastKnownFileType = image.png; path = "Cultural@2x.png"; sourceTree = "<group>"; };
		2C8F588617CC82900092E639 /* Performing Arts-tall.png */ = {isa = PBXFileReference; lastKnownFileType = image.png; path = "Performing Arts-tall.png"; sourceTree = "<group>"; };
		2C8F588717CC82900092E639 /* Performing Arts.png */ = {isa = PBXFileReference; lastKnownFileType = image.png; path = "Performing Arts.png"; sourceTree = "<group>"; };
		2C8F588817CC82900092E639 /* Performing Arts@2x.png */ = {isa = PBXFileReference; lastKnownFileType = image.png; path = "Performing Arts@2x.png"; sourceTree = "<group>"; };
		2C8F588917CC82900092E639 /* Social Service-tall.png */ = {isa = PBXFileReference; lastKnownFileType = image.png; path = "Social Service-tall.png"; sourceTree = "<group>"; };
		2C8F588A17CC82900092E639 /* Social Service.png */ = {isa = PBXFileReference; lastKnownFileType = image.png; path = "Social Service.png"; sourceTree = "<group>"; };
		2C8F588B17CC82900092E639 /* Social Service@2x.png */ = {isa = PBXFileReference; lastKnownFileType = image.png; path = "Social Service@2x.png"; sourceTree = "<group>"; };
		2C8F588C17CC82900092E639 /* Special Interest-tall.png */ = {isa = PBXFileReference; lastKnownFileType = image.png; path = "Special Interest-tall.png"; sourceTree = "<group>"; };
		2C8F588D17CC82900092E639 /* Special Interest.png */ = {isa = PBXFileReference; lastKnownFileType = image.png; path = "Special Interest.png"; sourceTree = "<group>"; };
		2C8F588E17CC82900092E639 /* Special Interest@2x.png */ = {isa = PBXFileReference; lastKnownFileType = image.png; path = "Special Interest@2x.png"; sourceTree = "<group>"; };
		2C8F58A117CC84160092E639 /* SAO Tab No Facts 320x411.jpg */ = {isa = PBXFileReference; lastKnownFileType = image.jpeg; name = "SAO Tab No Facts 320x411.jpg"; path = "appData/SAO_Homepage/SAO Tab No Facts 320x411.jpg"; sourceTree = "<group>"; };
		2C8F58A317CD32D80092E639 /* SAO Tab Tappable Long@2x.jpg */ = {isa = PBXFileReference; lastKnownFileType = image.jpeg; name = "SAO Tab Tappable Long@2x.jpg"; path = "appData/SAO_Homepage/SAO Tab Tappable Long@2x.jpg"; sourceTree = "<group>"; };
		2C8F58A417CD32D80092E639 /* SAO Tab Tappable.jpg */ = {isa = PBXFileReference; lastKnownFileType = image.jpeg; name = "SAO Tab Tappable.jpg"; path = "appData/SAO_Homepage/SAO Tab Tappable.jpg"; sourceTree = "<group>"; };
		2C8F58A517CD32DA0092E639 /* SAO Tab Tappable @2x.jpg */ = {isa = PBXFileReference; lastKnownFileType = image.jpeg; name = "SAO Tab Tappable @2x.jpg"; path = "appData/SAO_Homepage/SAO Tab Tappable @2x.jpg"; sourceTree = "<group>"; };
		2C937FDC174472780095EFB7 /* CoreData.framework */ = {isa = PBXFileReference; lastKnownFileType = wrapper.framework; name = CoreData.framework; path = System/Library/Frameworks/CoreData.framework; sourceTree = SDKROOT; };
		2C937FED1746A05C0095EFB7 /* CSVParser.h */ = {isa = PBXFileReference; fileEncoding = 4; lastKnownFileType = sourcecode.c.h; path = CSVParser.h; sourceTree = "<group>"; };
		2C937FEE1746A05C0095EFB7 /* CSVParser.m */ = {isa = PBXFileReference; fileEncoding = 4; lastKnownFileType = sourcecode.c.objc; path = CSVParser.m; sourceTree = "<group>"; };
		2CA8A91F17581F8B0012718E /* clubs tab bar icon.png */ = {isa = PBXFileReference; lastKnownFileType = image.png; path = "clubs tab bar icon.png"; sourceTree = "<group>"; };
		2CA8A92017581F8B0012718E /* clubs tab bar icon@2x.png */ = {isa = PBXFileReference; lastKnownFileType = image.png; path = "clubs tab bar icon@2x.png"; sourceTree = "<group>"; };
		2CA8A92117581F8B0012718E /* maps tab bar icon.png */ = {isa = PBXFileReference; lastKnownFileType = image.png; path = "maps tab bar icon.png"; sourceTree = "<group>"; };
		2CA8A92217581F8B0012718E /* maps tab bar icon@2x.png */ = {isa = PBXFileReference; lastKnownFileType = image.png; path = "maps tab bar icon@2x.png"; sourceTree = "<group>"; };
		2CA8A92317581F8B0012718E /* profile tab bar icon.png */ = {isa = PBXFileReference; lastKnownFileType = image.png; path = "profile tab bar icon.png"; sourceTree = "<group>"; };
		2CA8A92417581F8B0012718E /* profile tab bar icon@2x.png */ = {isa = PBXFileReference; lastKnownFileType = image.png; path = "profile tab bar icon@2x.png"; sourceTree = "<group>"; };
		2CA8A92517581F8B0012718E /* SAO tab bar icon.png */ = {isa = PBXFileReference; lastKnownFileType = image.png; path = "SAO tab bar icon.png"; sourceTree = "<group>"; };
		2CA8A92617581F8B0012718E /* SAO tab bar icon@2x.png */ = {isa = PBXFileReference; lastKnownFileType = image.png; path = "SAO tab bar icon@2x.png"; sourceTree = "<group>"; };
		2CF8BA32175DA64900B57F36 /* Home.png */ = {isa = PBXFileReference; lastKnownFileType = image.png; path = Home.png; sourceTree = "<group>"; };
		2CF8BA33175DA64900B57F36 /* Home@2x.png */ = {isa = PBXFileReference; lastKnownFileType = image.png; path = "Home@2x.png"; sourceTree = "<group>"; };
		B45B3D0E199057CB00799D74 /* Images.xcassets */ = {isa = PBXFileReference; lastKnownFileType = folder.assetcatalog; path = Images.xcassets; sourceTree = "<group>"; };
		B45B3D1019905B8B00799D74 /* Setting Icon.png */ = {isa = PBXFileReference; lastKnownFileType = image.png; name = "Setting Icon.png"; path = "../../Setting Icon.png"; sourceTree = "<group>"; };
		B45B3D1119905B8B00799D74 /* Spotlight Icon@2x.png */ = {isa = PBXFileReference; lastKnownFileType = image.png; name = "Spotlight Icon@2x.png"; path = "../../Spotlight Icon@2x.png"; sourceTree = "<group>"; };
		B45B3D1619905D1B00799D74 /* Icon@2x.png */ = {isa = PBXFileReference; lastKnownFileType = image.png; name = "Icon@2x.png"; path = "../../Icon@2x.png"; sourceTree = "<group>"; };
		B45B3D1819905D6500799D74 /* Icon.png */ = {isa = PBXFileReference; lastKnownFileType = image.png; name = Icon.png; path = ../../Icon.png; sourceTree = "<group>"; };
		B47B6EA71992CAA2002763AE /* SAO_Map.png */ = {isa = PBXFileReference; lastKnownFileType = image.png; path = SAO_Map.png; sourceTree = "<group>"; };
		B4907D65198C78E300C33C00 /* SAO_Map.jpg */ = {isa = PBXFileReference; lastKnownFileType = image.jpeg; path = SAO_Map.jpg; sourceTree = "<group>"; };
		B4F22472198477CF000A0192 /* Academic-tall.png */ = {isa = PBXFileReference; lastKnownFileType = image.png; path = "Academic-tall.png"; sourceTree = "<group>"; };
		B4F22473198477CF000A0192 /* Academic.png */ = {isa = PBXFileReference; lastKnownFileType = image.png; path = Academic.png; sourceTree = "<group>"; };
		B4F22474198477CF000A0192 /* Academic@2x.png */ = {isa = PBXFileReference; lastKnownFileType = image.png; path = "Academic@2x.png"; sourceTree = "<group>"; };
		B4F22475198477CF000A0192 /* Athletic-tall.png */ = {isa = PBXFileReference; lastKnownFileType = image.png; path = "Athletic-tall.png"; sourceTree = "<group>"; };
		B4F22476198477CF000A0192 /* Athletic.png */ = {isa = PBXFileReference; lastKnownFileType = image.png; path = Athletic.png; sourceTree = "<group>"; };
		B4F22477198477CF000A0192 /* Athletic@2x.png */ = {isa = PBXFileReference; lastKnownFileType = image.png; path = "Athletic@2x.png"; sourceTree = "<group>"; };
		B4F22478198477CF000A0192 /* Cultural-tall.png */ = {isa = PBXFileReference; lastKnownFileType = image.png; path = "Cultural-tall.png"; sourceTree = "<group>"; };
		B4F22479198477CF000A0192 /* Cultural.png */ = {isa = PBXFileReference; lastKnownFileType = image.png; path = Cultural.png; sourceTree = "<group>"; };
		B4F2247A198477CF000A0192 /* Cultural@2x.png */ = {isa = PBXFileReference; lastKnownFileType = image.png; path = "Cultural@2x.png"; sourceTree = "<group>"; };
		B4F2247B198477CF000A0192 /* Performing Arts-tall.png */ = {isa = PBXFileReference; lastKnownFileType = image.png; path = "Performing Arts-tall.png"; sourceTree = "<group>"; };
		B4F2247C198477CF000A0192 /* Performing Arts.png */ = {isa = PBXFileReference; lastKnownFileType = image.png; path = "Performing Arts.png"; sourceTree = "<group>"; };
		B4F2247D198477CF000A0192 /* Performing Arts@2x.png */ = {isa = PBXFileReference; lastKnownFileType = image.png; path = "Performing Arts@2x.png"; sourceTree = "<group>"; };
		B4F2247E198477CF000A0192 /* Social Service-tall.png */ = {isa = PBXFileReference; lastKnownFileType = image.png; path = "Social Service-tall.png"; sourceTree = "<group>"; };
		B4F2247F198477CF000A0192 /* Social Service.png */ = {isa = PBXFileReference; lastKnownFileType = image.png; path = "Social Service.png"; sourceTree = "<group>"; };
		B4F22480198477CF000A0192 /* Social Service@2x.png */ = {isa = PBXFileReference; lastKnownFileType = image.png; path = "Social Service@2x.png"; sourceTree = "<group>"; };
		B4F22481198477CF000A0192 /* Special Interest-tall.png */ = {isa = PBXFileReference; lastKnownFileType = image.png; path = "Special Interest-tall.png"; sourceTree = "<group>"; };
		B4F22482198477CF000A0192 /* Special Interest.png */ = {isa = PBXFileReference; lastKnownFileType = image.png; path = "Special Interest.png"; sourceTree = "<group>"; };
		B4F22483198477CF000A0192 /* Special Interest@2x.png */ = {isa = PBXFileReference; lastKnownFileType = image.png; path = "Special Interest@2x.png"; sourceTree = "<group>"; };
		B4F22484198477CF000A0192 /* Student Activity-tall.png */ = {isa = PBXFileReference; lastKnownFileType = image.png; path = "Student Activity-tall.png"; sourceTree = "<group>"; };
		B4F22485198477CF000A0192 /* Student Activity.png */ = {isa = PBXFileReference; lastKnownFileType = image.png; path = "Student Activity.png"; sourceTree = "<group>"; };
		B4F22486198477CF000A0192 /* Student Activity@2x.png */ = {isa = PBXFileReference; lastKnownFileType = image.png; path = "Student Activity@2x.png"; sourceTree = "<group>"; };
		B4F224A219847D91000A0192 /* Student Activity cell.png */ = {isa = PBXFileReference; lastKnownFileType = image.png; name = "Student Activity cell.png"; path = "../../appData/Categories Colored/Student Activity cell.png"; sourceTree = "<group>"; };
		B4F224A319847D91000A0192 /* Student Activity cell@2x.png */ = {isa = PBXFileReference; lastKnownFileType = image.png; name = "Student Activity cell@2x.png"; path = "../../appData/Categories Colored/Student Activity cell@2x.png"; sourceTree = "<group>"; };
		B4F9FD5719820B5C00F1409B /* Default.png */ = {isa = PBXFileReference; lastKnownFileType = image.png; path = Default.png; sourceTree = "<group>"; };
		B4F9FD5B19820DF200F1409B /* Default@2x.png */ = {isa = PBXFileReference; lastKnownFileType = image.png; path = "Default@2x.png"; sourceTree = "<group>"; };
		B4F9FD5D19820DFA00F1409B /* Default-568h@2x.png */ = {isa = PBXFileReference; lastKnownFileType = image.png; path = "Default-568h@2x.png"; sourceTree = "<group>"; };
		B4F9FD61198210D100F1409B /* Academic cell.png */ = {isa = PBXFileReference; lastKnownFileType = image.png; path = "Academic cell.png"; sourceTree = "<group>"; };
		B4F9FD62198210D100F1409B /* Academic cell@2x.png */ = {isa = PBXFileReference; lastKnownFileType = image.png; path = "Academic cell@2x.png"; sourceTree = "<group>"; };
		B4F9FD63198210D100F1409B /* Athletic cell.png */ = {isa = PBXFileReference; lastKnownFileType = image.png; path = "Athletic cell.png"; sourceTree = "<group>"; };
		B4F9FD64198210D100F1409B /* Athletic cell@2x.png */ = {isa = PBXFileReference; lastKnownFileType = image.png; path = "Athletic cell@2x.png"; sourceTree = "<group>"; };
		B4F9FD66198210D100F1409B /* Academic cell.png */ = {isa = PBXFileReference; lastKnownFileType = image.png; path = "Academic cell.png"; sourceTree = "<group>"; };
		B4F9FD67198210D100F1409B /* Academic cell@2x.png */ = {isa = PBXFileReference; lastKnownFileType = image.png; path = "Academic cell@2x.png"; sourceTree = "<group>"; };
		B4F9FD68198210D100F1409B /* Athletic cell.png */ = {isa = PBXFileReference; lastKnownFileType = image.png; path = "Athletic cell.png"; sourceTree = "<group>"; };
		B4F9FD69198210D100F1409B /* Athletic cell@2x.png */ = {isa = PBXFileReference; lastKnownFileType = image.png; path = "Athletic cell@2x.png"; sourceTree = "<group>"; };
		B4F9FD6A198210D100F1409B /* Cultural cell.png */ = {isa = PBXFileReference; lastKnownFileType = image.png; path = "Cultural cell.png"; sourceTree = "<group>"; };
		B4F9FD6B198210D100F1409B /* Cultural cell@2x.png */ = {isa = PBXFileReference; lastKnownFileType = image.png; path = "Cultural cell@2x.png"; sourceTree = "<group>"; };
		B4F9FD6C198210D100F1409B /* Performing Arts cell.png */ = {isa = PBXFileReference; lastKnownFileType = image.png; path = "Performing Arts cell.png"; sourceTree = "<group>"; };
		B4F9FD6D198210D100F1409B /* Performing Arts cell@2x.png */ = {isa = PBXFileReference; lastKnownFileType = image.png; path = "Performing Arts cell@2x.png"; sourceTree = "<group>"; };
		B4F9FD6E198210D100F1409B /* Social Service cell.png */ = {isa = PBXFileReference; lastKnownFileType = image.png; path = "Social Service cell.png"; sourceTree = "<group>"; };
		B4F9FD6F198210D100F1409B /* Social Service cell@2x.png */ = {isa = PBXFileReference; lastKnownFileType = image.png; path = "Social Service cell@2x.png"; sourceTree = "<group>"; };
		B4F9FD70198210D100F1409B /* Special Interest cell.png */ = {isa = PBXFileReference; lastKnownFileType = image.png; path = "Special Interest cell.png"; sourceTree = "<group>"; };
		B4F9FD71198210D100F1409B /* Special Interest cell@2x.png */ = {isa = PBXFileReference; lastKnownFileType = image.png; path = "Special Interest cell@2x.png"; sourceTree = "<group>"; };
		B4F9FD72198210D100F1409B /* Cultural cell.png */ = {isa = PBXFileReference; lastKnownFileType = image.png; path = "Cultural cell.png"; sourceTree = "<group>"; };
		B4F9FD73198210D100F1409B /* Cultural cell@2x.png */ = {isa = PBXFileReference; lastKnownFileType = image.png; path = "Cultural cell@2x.png"; sourceTree = "<group>"; };
		B4F9FD74198210D100F1409B /* Performing Arts cell.png */ = {isa = PBXFileReference; lastKnownFileType = image.png; path = "Performing Arts cell.png"; sourceTree = "<group>"; };
		B4F9FD75198210D100F1409B /* Performing Arts cell@2x.png */ = {isa = PBXFileReference; lastKnownFileType = image.png; path = "Performing Arts cell@2x.png"; sourceTree = "<group>"; };
		B4F9FD76198210D100F1409B /* Service cell.png */ = {isa = PBXFileReference; lastKnownFileType = image.png; path = "Service cell.png"; sourceTree = "<group>"; };
		B4F9FD77198210D100F1409B /* Service cell@2x.png */ = {isa = PBXFileReference; lastKnownFileType = image.png; path = "Service cell@2x.png"; sourceTree = "<group>"; };
		B4F9FD78198210D100F1409B /* Special Interest cell.png */ = {isa = PBXFileReference; lastKnownFileType = image.png; path = "Special Interest cell.png"; sourceTree = "<group>"; };
		B4F9FD79198210D100F1409B /* Special Interest cell@2x.png */ = {isa = PBXFileReference; lastKnownFileType = image.png; path = "Special Interest cell@2x.png"; sourceTree = "<group>"; };
		B4F9FD7A198210D100F1409B /* CSVParser.h */ = {isa = PBXFileReference; fileEncoding = 4; lastKnownFileType = sourcecode.c.h; path = CSVParser.h; sourceTree = "<group>"; };
		B4F9FD7B198210D100F1409B /* CSVParser.m */ = {isa = PBXFileReference; fileEncoding = 4; lastKnownFileType = sourcecode.c.objc; path = CSVParser.m; sourceTree = "<group>"; };
		B4F9FD7C198210D100F1409B /* EmptyStar.png */ = {isa = PBXFileReference; lastKnownFileType = image.png; path = EmptyStar.png; sourceTree = "<group>"; };
		B4F9FD7D198210D100F1409B /* EmptyStarNoShadow.png */ = {isa = PBXFileReference; lastKnownFileType = image.png; path = EmptyStarNoShadow.png; sourceTree = "<group>"; };
		B4F9FD7F198210D100F1409B /* en */ = {isa = PBXFileReference; lastKnownFileType = text.plist.strings; name = en; path = en.lproj/InfoPlist.strings; sourceTree = "<group>"; };
		B4F9FD81198210D100F1409B /* en */ = {isa = PBXFileReference; lastKnownFileType = file.storyboard; name = en; path = en.lproj/MainStoryboard.storyboard; sourceTree = "<group>"; };
		B4F9FD82198210D100F1409B /* FilledStar.png */ = {isa = PBXFileReference; lastKnownFileType = image.png; path = FilledStar.png; sourceTree = "<group>"; };
		B4F9FD83198210D100F1409B /* FilledStarNoShadow.png */ = {isa = PBXFileReference; lastKnownFileType = image.png; path = FilledStarNoShadow.png; sourceTree = "<group>"; };
		B4F9FD85198210D100F1409B /* main.m */ = {isa = PBXFileReference; fileEncoding = 4; lastKnownFileType = sourcecode.c.objc; path = main.m; sourceTree = "<group>"; };
		B4F9FD87198210D100F1409B /* Academic-tall.png */ = {isa = PBXFileReference; lastKnownFileType = image.png; path = "Academic-tall.png"; sourceTree = "<group>"; };
		B4F9FD88198210D100F1409B /* Academic.png */ = {isa = PBXFileReference; lastKnownFileType = image.png; path = Academic.png; sourceTree = "<group>"; };
		B4F9FD89198210D100F1409B /* Academic@2x.png */ = {isa = PBXFileReference; lastKnownFileType = image.png; path = "Academic@2x.png"; sourceTree = "<group>"; };
		B4F9FD8A198210D100F1409B /* Athletic-tall.png */ = {isa = PBXFileReference; lastKnownFileType = image.png; path = "Athletic-tall.png"; sourceTree = "<group>"; };
		B4F9FD8B198210D100F1409B /* Athletic.png */ = {isa = PBXFileReference; lastKnownFileType = image.png; path = Athletic.png; sourceTree = "<group>"; };
		B4F9FD8C198210D100F1409B /* Athletic@2x.png */ = {isa = PBXFileReference; lastKnownFileType = image.png; path = "Athletic@2x.png"; sourceTree = "<group>"; };
		B4F9FD8D198210D100F1409B /* Cultural-tall.png */ = {isa = PBXFileReference; lastKnownFileType = image.png; path = "Cultural-tall.png"; sourceTree = "<group>"; };
		B4F9FD8E198210D100F1409B /* Cultural.png */ = {isa = PBXFileReference; lastKnownFileType = image.png; path = Cultural.png; sourceTree = "<group>"; };
		B4F9FD8F198210D100F1409B /* Cultural@2x.png */ = {isa = PBXFileReference; lastKnownFileType = image.png; path = "Cultural@2x.png"; sourceTree = "<group>"; };
		B4F9FD90198210D100F1409B /* Performing Arts-tall.png */ = {isa = PBXFileReference; lastKnownFileType = image.png; path = "Performing Arts-tall.png"; sourceTree = "<group>"; };
		B4F9FD91198210D100F1409B /* Performing Arts.png */ = {isa = PBXFileReference; lastKnownFileType = image.png; path = "Performing Arts.png"; sourceTree = "<group>"; };
		B4F9FD92198210D100F1409B /* Performing Arts@2x.png */ = {isa = PBXFileReference; lastKnownFileType = image.png; path = "Performing Arts@2x.png"; sourceTree = "<group>"; };
		B4F9FD93198210D100F1409B /* Social Service-tall.png */ = {isa = PBXFileReference; lastKnownFileType = image.png; path = "Social Service-tall.png"; sourceTree = "<group>"; };
		B4F9FD94198210D100F1409B /* Social Service.png */ = {isa = PBXFileReference; lastKnownFileType = image.png; path = "Social Service.png"; sourceTree = "<group>"; };
		B4F9FD95198210D100F1409B /* Social Service@2x.png */ = {isa = PBXFileReference; lastKnownFileType = image.png; path = "Social Service@2x.png"; sourceTree = "<group>"; };
		B4F9FD96198210D100F1409B /* Special Interest-tall.png */ = {isa = PBXFileReference; lastKnownFileType = image.png; path = "Special Interest-tall.png"; sourceTree = "<group>"; };
		B4F9FD97198210D100F1409B /* Special Interest.png */ = {isa = PBXFileReference; lastKnownFileType = image.png; path = "Special Interest.png"; sourceTree = "<group>"; };
		B4F9FD98198210D100F1409B /* Special Interest@2x.png */ = {isa = PBXFileReference; lastKnownFileType = image.png; path = "Special Interest@2x.png"; sourceTree = "<group>"; };
		B4F9FD99198210D100F1409B /* SAO Tab No Facts 320x650.jpg */ = {isa = PBXFileReference; lastKnownFileType = image.jpeg; path = "SAO Tab No Facts 320x650.jpg"; sourceTree = "<group>"; };
		B4F9FD9A198210D100F1409B /* SAO Tab Tappable @2x.jpg */ = {isa = PBXFileReference; lastKnownFileType = image.jpeg; path = "SAO Tab Tappable @2x.jpg"; sourceTree = "<group>"; };
		B4F9FD9B198210D100F1409B /* SAO Tab Tappable.jpg */ = {isa = PBXFileReference; lastKnownFileType = image.jpeg; path = "SAO Tab Tappable.jpg"; sourceTree = "<group>"; };
		B4F9FD9C198210D100F1409B /* SAO-Info.plist */ = {isa = PBXFileReference; fileEncoding = 4; lastKnownFileType = text.plist.xml; path = "SAO-Info.plist"; sourceTree = "<group>"; };
		B4F9FD9D198210D100F1409B /* SAO-Prefix.pch */ = {isa = PBXFileReference; fileEncoding = 4; lastKnownFileType = sourcecode.c.h; path = "SAO-Prefix.pch"; sourceTree = "<group>"; };
		B4F9FD9E198210D100F1409B /* SAOAppDelegate.h */ = {isa = PBXFileReference; fileEncoding = 4; lastKnownFileType = sourcecode.c.h; path = SAOAppDelegate.h; sourceTree = "<group>"; };
		B4F9FD9F198210D100F1409B /* SAOAppDelegate.m */ = {isa = PBXFileReference; fileEncoding = 4; lastKnownFileType = sourcecode.c.objc; path = SAOAppDelegate.m; sourceTree = "<group>"; };
		B4F9FDA0198210D100F1409B /* SAOButton.h */ = {isa = PBXFileReference; fileEncoding = 4; lastKnownFileType = sourcecode.c.h; path = SAOButton.h; sourceTree = "<group>"; };
		B4F9FDA1198210D100F1409B /* SAOButton.m */ = {isa = PBXFileReference; fileEncoding = 4; lastKnownFileType = sourcecode.c.objc; path = SAOButton.m; sourceTree = "<group>"; };
		B4F9FDA2198210D100F1409B /* SAOClubDataViewController.h */ = {isa = PBXFileReference; fileEncoding = 4; lastKnownFileType = sourcecode.c.h; path = SAOClubDataViewController.h; sourceTree = "<group>"; };
		B4F9FDA3198210D100F1409B /* SAOClubDataViewController.m */ = {isa = PBXFileReference; fileEncoding = 4; lastKnownFileType = sourcecode.c.objc; path = SAOClubDataViewController.m; sourceTree = "<group>"; };
		B4F9FDA4198210D100F1409B /* SAOClubMapViewController.h */ = {isa = PBXFileReference; fileEncoding = 4; lastKnownFileType = sourcecode.c.h; path = SAOClubMapViewController.h; sourceTree = "<group>"; };
		B4F9FDA5198210D100F1409B /* SAOClubMapViewController.m */ = {isa = PBXFileReference; fileEncoding = 4; lastKnownFileType = sourcecode.c.objc; path = SAOClubMapViewController.m; sourceTree = "<group>"; };
		B4F9FDA6198210D100F1409B /* SAOClubNavigationController.h */ = {isa = PBXFileReference; fileEncoding = 4; lastKnownFileType = sourcecode.c.h; path = SAOClubNavigationController.h; sourceTree = "<group>"; };
		B4F9FDA7198210D100F1409B /* SAOClubNavigationController.m */ = {isa = PBXFileReference; fileEncoding = 4; lastKnownFileType = sourcecode.c.objc; path = SAOClubNavigationController.m; sourceTree = "<group>"; };
		B4F9FDA8198210D100F1409B /* SAOClubTableViewController.h */ = {isa = PBXFileReference; fileEncoding = 4; lastKnownFileType = sourcecode.c.h; path = SAOClubTableViewController.h; sourceTree = "<group>"; };
		B4F9FDA9198210D100F1409B /* SAOClubTableViewController.m */ = {isa = PBXFileReference; fileEncoding = 4; lastKnownFileType = sourcecode.c.objc; path = SAOClubTableViewController.m; sourceTree = "<group>"; };
		B4F9FDAA198210D100F1409B /* SAOEditProfileViewController.h */ = {isa = PBXFileReference; fileEncoding = 4; lastKnownFileType = sourcecode.c.h; path = SAOEditProfileViewController.h; sourceTree = "<group>"; };
		B4F9FDAB198210D100F1409B /* SAOEditProfileViewController.m */ = {isa = PBXFileReference; fileEncoding = 4; lastKnownFileType = sourcecode.c.objc; path = SAOEditProfileViewController.m; sourceTree = "<group>"; };
		B4F9FDAC198210D100F1409B /* SAOLoginViewController.h */ = {isa = PBXFileReference; fileEncoding = 4; lastKnownFileType = sourcecode.c.h; path = SAOLoginViewController.h; sourceTree = "<group>"; };
		B4F9FDAD198210D100F1409B /* SAOLoginViewController.m */ = {isa = PBXFileReference; fileEncoding = 4; lastKnownFileType = sourcecode.c.objc; path = SAOLoginViewController.m; sourceTree = "<group>"; };
		B4F9FDAE198210D100F1409B /* SAOProfileViewController.h */ = {isa = PBXFileReference; fileEncoding = 4; lastKnownFileType = sourcecode.c.h; path = SAOProfileViewController.h; sourceTree = "<group>"; };
		B4F9FDAF198210D100F1409B /* SAOProfileViewController.m */ = {isa = PBXFileReference; fileEncoding = 4; lastKnownFileType = sourcecode.c.objc; path = SAOProfileViewController.m; sourceTree = "<group>"; };
		B4F9FDB0198210D100F1409B /* SAOTabBarController.h */ = {isa = PBXFileReference; fileEncoding = 4; lastKnownFileType = sourcecode.c.h; path = SAOTabBarController.h; sourceTree = "<group>"; };
		B4F9FDB1198210D100F1409B /* SAOTabBarController.m */ = {isa = PBXFileReference; fileEncoding = 4; lastKnownFileType = sourcecode.c.objc; path = SAOTabBarController.m; sourceTree = "<group>"; };
		B4F9FDB2198210D100F1409B /* SAOTappableView.h */ = {isa = PBXFileReference; fileEncoding = 4; lastKnownFileType = sourcecode.c.h; path = SAOTappableView.h; sourceTree = "<group>"; };
		B4F9FDB3198210D100F1409B /* SAOTappableView.m */ = {isa = PBXFileReference; fileEncoding = 4; lastKnownFileType = sourcecode.c.objc; path = SAOTappableView.m; sourceTree = "<group>"; };
		B4F9FDB4198210D100F1409B /* SAOViewController.h */ = {isa = PBXFileReference; fileEncoding = 4; lastKnownFileType = sourcecode.c.h; path = SAOViewController.h; sourceTree = "<group>"; };
		B4F9FDB5198210D100F1409B /* SAOViewController.m */ = {isa = PBXFileReference; fileEncoding = 4; lastKnownFileType = sourcecode.c.objc; path = SAOViewController.m; sourceTree = "<group>"; };
		B4F9FDB7198210D100F1409B /* clubs tab bar icon.png */ = {isa = PBXFileReference; lastKnownFileType = image.png; path = "clubs tab bar icon.png"; sourceTree = "<group>"; };
		B4F9FDB8198210D100F1409B /* clubs tab bar icon@2x.png */ = {isa = PBXFileReference; lastKnownFileType = image.png; path = "clubs tab bar icon@2x.png"; sourceTree = "<group>"; };
		B4F9FDBA198210D100F1409B /* Home.png */ = {isa = PBXFileReference; lastKnownFileType = image.png; path = Home.png; sourceTree = "<group>"; };
		B4F9FDBB198210D100F1409B /* Home@2x.png */ = {isa = PBXFileReference; lastKnownFileType = image.png; path = "Home@2x.png"; sourceTree = "<group>"; };
		B4F9FDBC198210D100F1409B /* maps tab bar icon.png */ = {isa = PBXFileReference; lastKnownFileType = image.png; path = "maps tab bar icon.png"; sourceTree = "<group>"; };
		B4F9FDBD198210D100F1409B /* maps tab bar icon@2x.png */ = {isa = PBXFileReference; lastKnownFileType = image.png; path = "maps tab bar icon@2x.png"; sourceTree = "<group>"; };
		B4F9FDBE198210D100F1409B /* profile tab bar icon.png */ = {isa = PBXFileReference; lastKnownFileType = image.png; path = "profile tab bar icon.png"; sourceTree = "<group>"; };
		B4F9FDBF198210D100F1409B /* profile tab bar icon@2x.png */ = {isa = PBXFileReference; lastKnownFileType = image.png; path = "profile tab bar icon@2x.png"; sourceTree = "<group>"; };
		B4F9FDC0198210D100F1409B /* SAO tab bar icon.png */ = {isa = PBXFileReference; lastKnownFileType = image.png; path = "SAO tab bar icon.png"; sourceTree = "<group>"; };
		B4F9FDC1198210D100F1409B /* SAO tab bar icon@2x.png */ = {isa = PBXFileReference; lastKnownFileType = image.png; path = "SAO tab bar icon@2x.png"; sourceTree = "<group>"; };
		B4F9FDC4198210D100F1409B /* en */ = {isa = PBXFileReference; lastKnownFileType = text.plist.strings; name = en; path = InfoPlist.strings; sourceTree = "<group>"; };
		B4F9FDC6198210D100F1409B /* en */ = {isa = PBXFileReference; lastKnownFileType = file.storyboard; name = en; path = MainStoryboard.storyboard; sourceTree = "<group>"; };
		B4F9FDC8198210D100F1409B /* Academic-tall.png */ = {isa = PBXFileReference; lastKnownFileType = image.png; path = "Academic-tall.png"; sourceTree = "<group>"; };
		B4F9FDC9198210D100F1409B /* Academic.png */ = {isa = PBXFileReference; lastKnownFileType = image.png; path = Academic.png; sourceTree = "<group>"; };
		B4F9FDCA198210D100F1409B /* Academic@2x.png */ = {isa = PBXFileReference; lastKnownFileType = image.png; path = "Academic@2x.png"; sourceTree = "<group>"; };
		B4F9FDCB198210D100F1409B /* Athletic-tall.png */ = {isa = PBXFileReference; lastKnownFileType = image.png; path = "Athletic-tall.png"; sourceTree = "<group>"; };
		B4F9FDCC198210D100F1409B /* Athletic.png */ = {isa = PBXFileReference; lastKnownFileType = image.png; path = Athletic.png; sourceTree = "<group>"; };
		B4F9FDCD198210D100F1409B /* Athletic@2x.png */ = {isa = PBXFileReference; lastKnownFileType = image.png; path = "Athletic@2x.png"; sourceTree = "<group>"; };
		B4F9FDCE198210D100F1409B /* Cultural-tall.png */ = {isa = PBXFileReference; lastKnownFileType = image.png; path = "Cultural-tall.png"; sourceTree = "<group>"; };
		B4F9FDCF198210D100F1409B /* Cultural.png */ = {isa = PBXFileReference; lastKnownFileType = image.png; path = Cultural.png; sourceTree = "<group>"; };
		B4F9FDD0198210D100F1409B /* Cultural@2x.png */ = {isa = PBXFileReference; lastKnownFileType = image.png; path = "Cultural@2x.png"; sourceTree = "<group>"; };
		B4F9FDD1198210D100F1409B /* Performing Arts-tall.png */ = {isa = PBXFileReference; lastKnownFileType = image.png; path = "Performing Arts-tall.png"; sourceTree = "<group>"; };
		B4F9FDD2198210D100F1409B /* Performing Arts.png */ = {isa = PBXFileReference; lastKnownFileType = image.png; path = "Performing Arts.png"; sourceTree = "<group>"; };
		B4F9FDD3198210D100F1409B /* Performing Arts@2x.png */ = {isa = PBXFileReference; lastKnownFileType = image.png; path = "Performing Arts@2x.png"; sourceTree = "<group>"; };
		B4F9FDD4198210D100F1409B /* Social Service-tall.png */ = {isa = PBXFileReference; lastKnownFileType = image.png; path = "Social Service-tall.png"; sourceTree = "<group>"; };
		B4F9FDD5198210D100F1409B /* Social Service.png */ = {isa = PBXFileReference; lastKnownFileType = image.png; path = "Social Service.png"; sourceTree = "<group>"; };
		B4F9FDD6198210D100F1409B /* Social Service@2x.png */ = {isa = PBXFileReference; lastKnownFileType = image.png; path = "Social Service@2x.png"; sourceTree = "<group>"; };
		B4F9FDD7198210D100F1409B /* Special Interest-tall.png */ = {isa = PBXFileReference; lastKnownFileType = image.png; path = "Special Interest-tall.png"; sourceTree = "<group>"; };
		B4F9FDD8198210D100F1409B /* Special Interest.png */ = {isa = PBXFileReference; lastKnownFileType = image.png; path = "Special Interest.png"; sourceTree = "<group>"; };
		B4F9FDD9198210D100F1409B /* Special Interest@2x.png */ = {isa = PBXFileReference; lastKnownFileType = image.png; path = "Special Interest@2x.png"; sourceTree = "<group>"; };
		B4F9FDDB198210D100F1409B /* Academic cell.png */ = {isa = PBXFileReference; lastKnownFileType = image.png; path = "Academic cell.png"; sourceTree = "<group>"; };
		B4F9FDDC198210D100F1409B /* Academic cell@2x.png */ = {isa = PBXFileReference; lastKnownFileType = image.png; path = "Academic cell@2x.png"; sourceTree = "<group>"; };
		B4F9FDDD198210D100F1409B /* Athletic cell.png */ = {isa = PBXFileReference; lastKnownFileType = image.png; path = "Athletic cell.png"; sourceTree = "<group>"; };
		B4F9FDDE198210D100F1409B /* Athletic cell@2x.png */ = {isa = PBXFileReference; lastKnownFileType = image.png; path = "Athletic cell@2x.png"; sourceTree = "<group>"; };
		B4F9FDE0198210D100F1409B /* Academic cell.png */ = {isa = PBXFileReference; lastKnownFileType = image.png; path = "Academic cell.png"; sourceTree = "<group>"; };
		B4F9FDE1198210D100F1409B /* Academic cell@2x.png */ = {isa = PBXFileReference; lastKnownFileType = image.png; path = "Academic cell@2x.png"; sourceTree = "<group>"; };
		B4F9FDE2198210D100F1409B /* Athletic cell.png */ = {isa = PBXFileReference; lastKnownFileType = image.png; path = "Athletic cell.png"; sourceTree = "<group>"; };
		B4F9FDE3198210D100F1409B /* Athletic cell@2x.png */ = {isa = PBXFileReference; lastKnownFileType = image.png; path = "Athletic cell@2x.png"; sourceTree = "<group>"; };
		B4F9FDE4198210D100F1409B /* Cultural cell.png */ = {isa = PBXFileReference; lastKnownFileType = image.png; path = "Cultural cell.png"; sourceTree = "<group>"; };
		B4F9FDE5198210D100F1409B /* Cultural cell@2x.png */ = {isa = PBXFileReference; lastKnownFileType = image.png; path = "Cultural cell@2x.png"; sourceTree = "<group>"; };
		B4F9FDE6198210D100F1409B /* Performing Arts cell.png */ = {isa = PBXFileReference; lastKnownFileType = image.png; path = "Performing Arts cell.png"; sourceTree = "<group>"; };
		B4F9FDE7198210D100F1409B /* Performing Arts cell@2x.png */ = {isa = PBXFileReference; lastKnownFileType = image.png; path = "Performing Arts cell@2x.png"; sourceTree = "<group>"; };
		B4F9FDE8198210D100F1409B /* Social Service cell.png */ = {isa = PBXFileReference; lastKnownFileType = image.png; path = "Social Service cell.png"; sourceTree = "<group>"; };
		B4F9FDE9198210D100F1409B /* Social Service cell@2x.png */ = {isa = PBXFileReference; lastKnownFileType = image.png; path = "Social Service cell@2x.png"; sourceTree = "<group>"; };
		B4F9FDEA198210D100F1409B /* Special Interest cell.png */ = {isa = PBXFileReference; lastKnownFileType = image.png; path = "Special Interest cell.png"; sourceTree = "<group>"; };
		B4F9FDEB198210D100F1409B /* Special Interest cell@2x.png */ = {isa = PBXFileReference; lastKnownFileType = image.png; path = "Special Interest cell@2x.png"; sourceTree = "<group>"; };
		B4F9FDEC198210D100F1409B /* Cultural cell.png */ = {isa = PBXFileReference; lastKnownFileType = image.png; path = "Cultural cell.png"; sourceTree = "<group>"; };
		B4F9FDED198210D100F1409B /* Cultural cell@2x.png */ = {isa = PBXFileReference; lastKnownFileType = image.png; path = "Cultural cell@2x.png"; sourceTree = "<group>"; };
		B4F9FDEE198210D100F1409B /* Performing Arts cell.png */ = {isa = PBXFileReference; lastKnownFileType = image.png; path = "Performing Arts cell.png"; sourceTree = "<group>"; };
		B4F9FDEF198210D100F1409B /* Performing Arts cell@2x.png */ = {isa = PBXFileReference; lastKnownFileType = image.png; path = "Performing Arts cell@2x.png"; sourceTree = "<group>"; };
		B4F9FDF0198210D100F1409B /* Service cell.png */ = {isa = PBXFileReference; lastKnownFileType = image.png; path = "Service cell.png"; sourceTree = "<group>"; };
		B4F9FDF1198210D100F1409B /* Service cell@2x.png */ = {isa = PBXFileReference; lastKnownFileType = image.png; path = "Service cell@2x.png"; sourceTree = "<group>"; };
		B4F9FDF2198210D100F1409B /* Special Interest cell.png */ = {isa = PBXFileReference; lastKnownFileType = image.png; path = "Special Interest cell.png"; sourceTree = "<group>"; };
		B4F9FDF3198210D100F1409B /* Special Interest cell@2x.png */ = {isa = PBXFileReference; lastKnownFileType = image.png; path = "Special Interest cell@2x.png"; sourceTree = "<group>"; };
		B4F9FDF5198210D100F1409B /* clubs tab bar icon.png */ = {isa = PBXFileReference; lastKnownFileType = image.png; path = "clubs tab bar icon.png"; sourceTree = "<group>"; };
		B4F9FDF6198210D100F1409B /* clubs tab bar icon@2x.png */ = {isa = PBXFileReference; lastKnownFileType = image.png; path = "clubs tab bar icon@2x.png"; sourceTree = "<group>"; };
		B4F9FDF8198210D100F1409B /* Home.png */ = {isa = PBXFileReference; lastKnownFileType = image.png; path = Home.png; sourceTree = "<group>"; };
		B4F9FDF9198210D100F1409B /* Home@2x.png */ = {isa = PBXFileReference; lastKnownFileType = image.png; path = "Home@2x.png"; sourceTree = "<group>"; };
		B4F9FDFA198210D100F1409B /* maps tab bar icon.png */ = {isa = PBXFileReference; lastKnownFileType = image.png; path = "maps tab bar icon.png"; sourceTree = "<group>"; };
		B4F9FDFB198210D100F1409B /* maps tab bar icon@2x.png */ = {isa = PBXFileReference; lastKnownFileType = image.png; path = "maps tab bar icon@2x.png"; sourceTree = "<group>"; };
		B4F9FDFC198210D100F1409B /* profile tab bar icon.png */ = {isa = PBXFileReference; lastKnownFileType = image.png; path = "profile tab bar icon.png"; sourceTree = "<group>"; };
		B4F9FDFD198210D100F1409B /* profile tab bar icon@2x.png */ = {isa = PBXFileReference; lastKnownFileType = image.png; path = "profile tab bar icon@2x.png"; sourceTree = "<group>"; };
		B4F9FDFE198210D100F1409B /* SAO tab bar icon.png */ = {isa = PBXFileReference; lastKnownFileType = image.png; path = "SAO tab bar icon.png"; sourceTree = "<group>"; };
		B4F9FDFF198210D100F1409B /* SAO tab bar icon@2x.png */ = {isa = PBXFileReference; lastKnownFileType = image.png; path = "SAO tab bar icon@2x.png"; sourceTree = "<group>"; };
		B4F9FE00198210D100F1409B /* SAO Tab Tappable.jpg */ = {isa = PBXFileReference; lastKnownFileType = image.jpeg; name = "SAO Tab Tappable.jpg"; path = "SAO/SAO Tab Tappable.jpg"; sourceTree = "<group>"; };
		B4F9FE01198210D100F1409B /* SAO Tab Tappable @2x.jpg */ = {isa = PBXFileReference; lastKnownFileType = image.jpeg; name = "SAO Tab Tappable @2x.jpg"; path = "SAO/SAO Tab Tappable @2x.jpg"; sourceTree = "<group>"; };
		B4F9FE03198210D100F1409B /* SAO-Tab-png@2x.png */ = {isa = PBXFileReference; lastKnownFileType = image.png; path = "SAO-Tab-png@2x.png"; sourceTree = "<group>"; };
		B4F9FE04198210D100F1409B /* SAO-Tab-Long-png.png */ = {isa = PBXFileReference; lastKnownFileType = image.png; path = "SAO-Tab-Long-png.png"; sourceTree = "<group>"; };
		B4F9FE05198210D100F1409B /* SAO-Tab-png.png */ = {isa = PBXFileReference; lastKnownFileType = image.png; path = "SAO-Tab-png.png"; sourceTree = "<group>"; };
/* End PBXFileReference section */

/* Begin PBXFrameworksBuildPhase section */
		2C31B8D817443CB9008801D4 /* Frameworks */ = {
			isa = PBXFrameworksBuildPhase;
			buildActionMask = 2147483647;
			files = (
				2C8F585817CC7B0A0092E639 /* MessageUI.framework in Frameworks */,
				2C937FDD174472780095EFB7 /* CoreData.framework in Frameworks */,
				2C31B8DF17443CBA008801D4 /* UIKit.framework in Frameworks */,
				2C31B8E117443CBA008801D4 /* Foundation.framework in Frameworks */,
				2C31B8E317443CBA008801D4 /* CoreGraphics.framework in Frameworks */,
			);
			runOnlyForDeploymentPostprocessing = 0;
		};
/* End PBXFrameworksBuildPhase section */

/* Begin PBXGroup section */
		2C23D8BD17530C0700B82DA9 /* Club ViewControllers */ = {
			isa = PBXGroup;
			children = (
				2C3EDEE017B1CC6C001B7105 /* SAOClubNavigationController.h */,
				2C3EDEE117B1CC6C001B7105 /* SAOClubNavigationController.m */,
				2C8C9662174BCFBB000416F1 /* SAOClubDataViewController.h */,
				2C8C9663174BCFBB000416F1 /* SAOClubDataViewController.m */,
				2C31B90417445367008801D4 /* SAOClubTableViewController.h */,
				2C31B90517445367008801D4 /* SAOClubTableViewController.m */,
			);
			name = "Club ViewControllers";
			sourceTree = "<group>";
		};
		2C23D8BE17530CA000B82DA9 /* Profile ViewControllers */ = {
			isa = PBXGroup;
			children = (
				2C23D8C8175317A200B82DA9 /* SAOEditProfileViewController.h */,
				2C23D8C9175317A200B82DA9 /* SAOEditProfileViewController.m */,
				2C8C9665174BCFE8000416F1 /* SAOProfileViewController.h */,
				2C8C9666174BCFE8000416F1 /* SAOProfileViewController.m */,
			);
			name = "Profile ViewControllers";
			sourceTree = "<group>";
		};
		2C23D8BF17530CD300B82DA9 /* Other Subclasses */ = {
			isa = PBXGroup;
			children = (
				2C6FBFF217BBCD030047CC05 /* SAOTappableView.h */,
				2C6FBFF317BBCD030047CC05 /* SAOTappableView.m */,
				2C937FED1746A05C0095EFB7 /* CSVParser.h */,
				2C937FEE1746A05C0095EFB7 /* CSVParser.m */,
				2C6FBFE617BB84020047CC05 /* SAOButton.h */,
				2C6FBFE717BB84020047CC05 /* SAOButton.m */,
			);
			name = "Other Subclasses";
			sourceTree = "<group>";
		};
		2C23D8C117530E7000B82DA9 /* Other View Controllers */ = {
			isa = PBXGroup;
			children = (
				2C23D8C217530F6D00B82DA9 /* SAOClubMapViewController.h */,
				2C23D8C317530F6D00B82DA9 /* SAOClubMapViewController.m */,
				2C31B8F917443CBA008801D4 /* SAOViewController.h */,
				2C31B8FA17443CBA008801D4 /* SAOViewController.m */,
			);
			name = "Other View Controllers";
			sourceTree = "<group>";
		};
		2C31B8D217443CB9008801D4 = {
			isa = PBXGroup;
			children = (
				B47B6EA71992CAA2002763AE /* SAO_Map.png */,
				B4907D65198C78E300C33C00 /* SAO_Map.jpg */,
				B4F22471198477CF000A0192 /* PNG */,
				B4F9FE03198210D100F1409B /* SAO-Tab-png@2x.png */,
				B4F9FE04198210D100F1409B /* SAO-Tab-Long-png.png */,
				B4F9FE05198210D100F1409B /* SAO-Tab-png.png */,
				B4F9FD5F198210D100F1409B /* SAO */,
				B4F9FDC2198210D100F1409B /* en.lproj */,
				B4F9FDC7198210D100F1409B /* PNG */,
				B4F9FDDA198210D100F1409B /* 44 and 88 PNG */,
				B4F9FDF4198210D100F1409B /* TabBarIcons */,
				B4F9FE00198210D100F1409B /* SAO Tab Tappable.jpg */,
				B4F9FE01198210D100F1409B /* SAO Tab Tappable @2x.jpg */,
				B4F9FE02198210D100F1409B /* Icons */,
				B4F9FD5D19820DFA00F1409B /* Default-568h@2x.png */,
				B4F9FD5B19820DF200F1409B /* Default@2x.png */,
				B4F9FD5719820B5C00F1409B /* Default.png */,
				2C8F58A917CDBC9B0092E639 /* png */,
				2C8F58A317CD32D80092E639 /* SAO Tab Tappable Long@2x.jpg */,
				2C8F58A417CD32D80092E639 /* SAO Tab Tappable.jpg */,
				2C8F58A517CD32DA0092E639 /* SAO Tab Tappable @2x.jpg */,
				2C8F58A117CC84160092E639 /* SAO Tab No Facts 320x411.jpg */,
				2C8F587C17CC82900092E639 /* PNG */,
				2C8F587217CC7FE40092E639 /* login */,
				2C8F585917CC7F940092E639 /* Categories Colored */,
				2C31B8E417443CBA008801D4 /* SAO */,
				2C31B8DD17443CBA008801D4 /* Frameworks */,
				2C31B8DC17443CBA008801D4 /* Products */,
			);
			sourceTree = "<group>";
		};
		2C31B8DC17443CBA008801D4 /* Products */ = {
			isa = PBXGroup;
			children = (
				2C31B8DB17443CBA008801D4 /* SAO.app */,
			);
			name = Products;
			sourceTree = "<group>";
		};
		2C31B8DD17443CBA008801D4 /* Frameworks */ = {
			isa = PBXGroup;
			children = (
				2C8F585717CC7B0A0092E639 /* MessageUI.framework */,
				2C937FDC174472780095EFB7 /* CoreData.framework */,
				2C31B8DE17443CBA008801D4 /* UIKit.framework */,
				2C31B8E017443CBA008801D4 /* Foundation.framework */,
				2C31B8E217443CBA008801D4 /* CoreGraphics.framework */,
			);
			name = Frameworks;
			sourceTree = "<group>";
		};
		2C31B8E417443CBA008801D4 /* SAO */ = {
			isa = PBXGroup;
			children = (
				2C31B8F617443CBA008801D4 /* MainStoryboard.storyboard */,
				2C8F587917CC81300092E639 /* SAOLoginViewController.h */,
				2C8F587A17CC81310092E639 /* SAOLoginViewController.m */,
				2C6FBFF517BBD7C80047CC05 /* SAOTabBarController.h */,
				2C6FBFF617BBD7C80047CC05 /* SAOTabBarController.m */,
				2CA8A8E81757AABB0012718E /* images */,
				2C23D8C117530E7000B82DA9 /* Other View Controllers */,
				2C23D8BF17530CD300B82DA9 /* Other Subclasses */,
				2C23D8BE17530CA000B82DA9 /* Profile ViewControllers */,
				2C23D8BD17530C0700B82DA9 /* Club ViewControllers */,
				2C31B8E517443CBA008801D4 /* Supporting Files */,
			);
			path = SAO;
			sourceTree = "<group>";
		};
		2C31B8E517443CBA008801D4 /* Supporting Files */ = {
			isa = PBXGroup;
			children = (
				2C31B8ED17443CBA008801D4 /* SAOAppDelegate.h */,
				2C31B8EE17443CBA008801D4 /* SAOAppDelegate.m */,
				2C31B8E617443CBA008801D4 /* SAO-Info.plist */,
				2C31B8E717443CBA008801D4 /* InfoPlist.strings */,
				2C31B8EA17443CBA008801D4 /* main.m */,
				2C31B8EC17443CBA008801D4 /* SAO-Prefix.pch */,
			);
			name = "Supporting Files";
			sourceTree = "<group>";
		};
		2C6FBFE917BB9EEC0047CC05 /* stars */ = {
			isa = PBXGroup;
			children = (
				2C6FBFEA17BB9EFB0047CC05 /* EmptyStar.png */,
				2C6FBFEB17BB9EFB0047CC05 /* EmptyStarNoShadow.png */,
				2C6FBFEC17BB9EFB0047CC05 /* FilledStar.png */,
				2C6FBFED17BB9EFB0047CC05 /* FilledStarNoShadow.png */,
			);
			name = stars;
			sourceTree = "<group>";
		};
		2C8F585917CC7F940092E639 /* Categories Colored */ = {
			isa = PBXGroup;
			children = (
				2C8F585A17CC7F940092E639 /* Academic cell.png */,
				2C8F585B17CC7F940092E639 /* Academic cell@2x.png */,
				2C8F585C17CC7F940092E639 /* Athletic cell.png */,
				2C8F585D17CC7F940092E639 /* Athletic cell@2x.png */,
				2C8F585E17CC7F940092E639 /* Cultural cell.png */,
				2C8F585F17CC7F940092E639 /* Cultural cell@2x.png */,
				2C8F586017CC7F940092E639 /* Performing Arts cell.png */,
				2C8F586117CC7F940092E639 /* Performing Arts cell@2x.png */,
				2C8F586217CC7F940092E639 /* Social Service cell.png */,
				2C8F586317CC7F940092E639 /* Social Service cell@2x.png */,
				2C8F586417CC7F940092E639 /* Special Interest cell.png */,
				2C8F586517CC7F940092E639 /* Special Interest cell@2x.png */,
			);
			name = "Categories Colored";
			path = "appData/Categories Colored";
			sourceTree = "<group>";
		};
		2C8F587217CC7FE40092E639 /* login */ = {
			isa = PBXGroup;
			children = (
				2C8F587317CC7FE50092E639 /* Login@2x.jpg */,
				2C8F587417CC7FE50092E639 /* Login Long.jpg */,
				2C8F587517CC7FE50092E639 /* Login.jpg */,
			);
			name = login;
			path = appData/login;
			sourceTree = "<group>";
		};
		2C8F587C17CC82900092E639 /* PNG */ = {
			isa = PBXGroup;
			children = (
				2C8F587D17CC82900092E639 /* Academic-tall.png */,
				2C8F587E17CC82900092E639 /* Academic.png */,
				2C8F587F17CC82900092E639 /* Academic@2x.png */,
				2C8F588017CC82900092E639 /* Athletic-tall.png */,
				2C8F588117CC82900092E639 /* Athletic.png */,
				2C8F588217CC82900092E639 /* Athletic@2x.png */,
				2C8F588317CC82900092E639 /* Cultural-tall.png */,
				2C8F588417CC82900092E639 /* Cultural.png */,
				2C8F588517CC82900092E639 /* Cultural@2x.png */,
				2C8F588617CC82900092E639 /* Performing Arts-tall.png */,
				2C8F588717CC82900092E639 /* Performing Arts.png */,
				2C8F588817CC82900092E639 /* Performing Arts@2x.png */,
				2C8F588917CC82900092E639 /* Social Service-tall.png */,
				2C8F588A17CC82900092E639 /* Social Service.png */,
				2C8F588B17CC82900092E639 /* Social Service@2x.png */,
				2C8F588C17CC82900092E639 /* Special Interest-tall.png */,
				2C8F588D17CC82900092E639 /* Special Interest.png */,
				2C8F588E17CC82900092E639 /* Special Interest@2x.png */,
			);
			name = PNG;
			path = SAO/PNG;
			sourceTree = "<group>";
		};
		2C8F58A917CDBC9B0092E639 /* png */ = {
			isa = PBXGroup;
			children = (
			);
			name = png;
			path = appData/SAO_Homepage/png;
			sourceTree = "<group>";
		};
		2CA8A8E81757AABB0012718E /* images */ = {
			isa = PBXGroup;
			children = (
				2C6FBFE917BB9EEC0047CC05 /* stars */,
				2C6FBFE417BB77FC0047CC05 /* SAO Tab No Facts 320x650.jpg */,
				2CA8A91B17581F8A0012718E /* Icons */,
				2CA8A91E17581F8B0012718E /* TabBarIcons */,
			);
			name = images;
			sourceTree = "<group>";
		};
		2CA8A91B17581F8A0012718E /* Icons */ = {
			isa = PBXGroup;
			children = (
				B45B3D1819905D6500799D74 /* Icon.png */,
				B45B3D1619905D1B00799D74 /* Icon@2x.png */,
				B45B3D1019905B8B00799D74 /* Setting Icon.png */,
				B45B3D1119905B8B00799D74 /* Spotlight Icon@2x.png */,
			);
			path = Icons;
			sourceTree = "<group>";
		};
		2CA8A91E17581F8B0012718E /* TabBarIcons */ = {
			isa = PBXGroup;
			children = (
				2CF8BA31175DA64900B57F36 /* Home */,
				2CA8A91F17581F8B0012718E /* clubs tab bar icon.png */,
				2CA8A92017581F8B0012718E /* clubs tab bar icon@2x.png */,
				2CA8A92117581F8B0012718E /* maps tab bar icon.png */,
				2CA8A92217581F8B0012718E /* maps tab bar icon@2x.png */,
				2CA8A92317581F8B0012718E /* profile tab bar icon.png */,
				2CA8A92417581F8B0012718E /* profile tab bar icon@2x.png */,
				2CA8A92517581F8B0012718E /* SAO tab bar icon.png */,
				2CA8A92617581F8B0012718E /* SAO tab bar icon@2x.png */,
			);
			path = TabBarIcons;
			sourceTree = "<group>";
		};
		2CF8BA31175DA64900B57F36 /* Home */ = {
			isa = PBXGroup;
			children = (
				2CF8BA32175DA64900B57F36 /* Home.png */,
				2CF8BA33175DA64900B57F36 /* Home@2x.png */,
			);
			path = Home;
			sourceTree = "<group>";
		};
		B45B3D0D199056F600799D74 /* iPad */ = {
			isa = PBXGroup;
			children = (
			);
			name = iPad;
			sourceTree = "<group>";
		};
		B4F22471198477CF000A0192 /* PNG */ = {
			isa = PBXGroup;
			children = (
				B4F22472198477CF000A0192 /* Academic-tall.png */,
				B4F22473198477CF000A0192 /* Academic.png */,
				B4F22474198477CF000A0192 /* Academic@2x.png */,
				B4F22475198477CF000A0192 /* Athletic-tall.png */,
				B4F22476198477CF000A0192 /* Athletic.png */,
				B4F22477198477CF000A0192 /* Athletic@2x.png */,
				B4F22478198477CF000A0192 /* Cultural-tall.png */,
				B4F22479198477CF000A0192 /* Cultural.png */,
				B4F2247A198477CF000A0192 /* Cultural@2x.png */,
				B4F2247B198477CF000A0192 /* Performing Arts-tall.png */,
				B4F2247C198477CF000A0192 /* Performing Arts.png */,
				B4F2247D198477CF000A0192 /* Performing Arts@2x.png */,
				B4F2247E198477CF000A0192 /* Social Service-tall.png */,
				B4F2247F198477CF000A0192 /* Social Service.png */,
				B4F22480198477CF000A0192 /* Social Service@2x.png */,
				B4F22481198477CF000A0192 /* Special Interest-tall.png */,
				B4F22482198477CF000A0192 /* Special Interest.png */,
				B4F22483198477CF000A0192 /* Special Interest@2x.png */,
				B4F22484198477CF000A0192 /* Student Activity-tall.png */,
				B4F22485198477CF000A0192 /* Student Activity.png */,
				B4F22486198477CF000A0192 /* Student Activity@2x.png */,
			);
			name = PNG;
			path = SAO/PNG;
			sourceTree = "<group>";
		};
		B4F9FD5F198210D100F1409B /* SAO */ = {
			isa = PBXGroup;
			children = (
				B45B3D0D199056F600799D74 /* iPad */,
				B4F9FD60198210D100F1409B /* 44 and 88 PNG */,
				B4F9FD7A198210D100F1409B /* CSVParser.h */,
				B4F9FD7B198210D100F1409B /* CSVParser.m */,
				B4F9FD7C198210D100F1409B /* EmptyStar.png */,
				B4F9FD7D198210D100F1409B /* EmptyStarNoShadow.png */,
				B4F9FD7E198210D100F1409B /* InfoPlist.strings */,
				B4F9FD80198210D100F1409B /* MainStoryboard.storyboard */,
				B4F9FD82198210D100F1409B /* FilledStar.png */,
				B4F9FD83198210D100F1409B /* FilledStarNoShadow.png */,
				B4F9FD84198210D100F1409B /* Icons */,
				B4F9FD85198210D100F1409B /* main.m */,
				B4F9FD86198210D100F1409B /* PNG */,
				B4F9FD99198210D100F1409B /* SAO Tab No Facts 320x650.jpg */,
				B4F9FD9A198210D100F1409B /* SAO Tab Tappable @2x.jpg */,
				B4F9FD9B198210D100F1409B /* SAO Tab Tappable.jpg */,
				B4F9FD9C198210D100F1409B /* SAO-Info.plist */,
				B4F9FD9D198210D100F1409B /* SAO-Prefix.pch */,
				B4F9FD9E198210D100F1409B /* SAOAppDelegate.h */,
				B4F9FD9F198210D100F1409B /* SAOAppDelegate.m */,
				B4F9FDA0198210D100F1409B /* SAOButton.h */,
				B4F9FDA1198210D100F1409B /* SAOButton.m */,
				B4F9FDA2198210D100F1409B /* SAOClubDataViewController.h */,
				B4F9FDA3198210D100F1409B /* SAOClubDataViewController.m */,
				B4F9FDA4198210D100F1409B /* SAOClubMapViewController.h */,
				B4F9FDA5198210D100F1409B /* SAOClubMapViewController.m */,
				B4F9FDA6198210D100F1409B /* SAOClubNavigationController.h */,
				B4F9FDA7198210D100F1409B /* SAOClubNavigationController.m */,
				B4F9FDA8198210D100F1409B /* SAOClubTableViewController.h */,
				B4F9FDA9198210D100F1409B /* SAOClubTableViewController.m */,
				B4F9FDAA198210D100F1409B /* SAOEditProfileViewController.h */,
				B4F9FDAB198210D100F1409B /* SAOEditProfileViewController.m */,
				B4F9FDAC198210D100F1409B /* SAOLoginViewController.h */,
				B4F9FDAD198210D100F1409B /* SAOLoginViewController.m */,
				B4F9FDAE198210D100F1409B /* SAOProfileViewController.h */,
				B4F9FDAF198210D100F1409B /* SAOProfileViewController.m */,
				B4F9FDB0198210D100F1409B /* SAOTabBarController.h */,
				B4F9FDB1198210D100F1409B /* SAOTabBarController.m */,
				B4F9FDB2198210D100F1409B /* SAOTappableView.h */,
				B4F9FDB3198210D100F1409B /* SAOTappableView.m */,
				B4F9FDB4198210D100F1409B /* SAOViewController.h */,
				B4F9FDB5198210D100F1409B /* SAOViewController.m */,
				B4F9FDB6198210D100F1409B /* TabBarIcons */,
				B45B3D0E199057CB00799D74 /* Images.xcassets */,
			);
			path = SAO;
			sourceTree = "<group>";
		};
		B4F9FD60198210D100F1409B /* 44 and 88 PNG */ = {
			isa = PBXGroup;
			children = (
				B4F9FD61198210D100F1409B /* Academic cell.png */,
				B4F9FD62198210D100F1409B /* Academic cell@2x.png */,
				B4F9FD63198210D100F1409B /* Athletic cell.png */,
				B4F9FD64198210D100F1409B /* Athletic cell@2x.png */,
				B4F9FD65198210D100F1409B /* Categories Final */,
				B4F9FD72198210D100F1409B /* Cultural cell.png */,
				B4F9FD73198210D100F1409B /* Cultural cell@2x.png */,
				B4F9FD74198210D100F1409B /* Performing Arts cell.png */,
				B4F9FD75198210D100F1409B /* Performing Arts cell@2x.png */,
				B4F9FD76198210D100F1409B /* Service cell.png */,
				B4F9FD77198210D100F1409B /* Service cell@2x.png */,
				B4F9FD78198210D100F1409B /* Special Interest cell.png */,
				B4F9FD79198210D100F1409B /* Special Interest cell@2x.png */,
			);
			path = "44 and 88 PNG";
			sourceTree = "<group>";
		};
		B4F9FD65198210D100F1409B /* Categories Final */ = {
			isa = PBXGroup;
			children = (
				B4F9FD66198210D100F1409B /* Academic cell.png */,
				B4F9FD67198210D100F1409B /* Academic cell@2x.png */,
				B4F9FD68198210D100F1409B /* Athletic cell.png */,
				B4F9FD69198210D100F1409B /* Athletic cell@2x.png */,
				B4F9FD6A198210D100F1409B /* Cultural cell.png */,
				B4F9FD6B198210D100F1409B /* Cultural cell@2x.png */,
				B4F9FD6C198210D100F1409B /* Performing Arts cell.png */,
				B4F9FD6D198210D100F1409B /* Performing Arts cell@2x.png */,
				B4F9FD6E198210D100F1409B /* Social Service cell.png */,
				B4F9FD6F198210D100F1409B /* Social Service cell@2x.png */,
				B4F9FD70198210D100F1409B /* Special Interest cell.png */,
				B4F9FD71198210D100F1409B /* Special Interest cell@2x.png */,
			);
			path = "Categories Final";
			sourceTree = "<group>";
		};
		B4F9FD84198210D100F1409B /* Icons */ = {
			isa = PBXGroup;
			children = (
			);
			path = Icons;
			sourceTree = "<group>";
		};
		B4F9FD86198210D100F1409B /* PNG */ = {
			isa = PBXGroup;
			children = (
				B4F9FD87198210D100F1409B /* Academic-tall.png */,
				B4F9FD88198210D100F1409B /* Academic.png */,
				B4F9FD89198210D100F1409B /* Academic@2x.png */,
				B4F9FD8A198210D100F1409B /* Athletic-tall.png */,
				B4F9FD8B198210D100F1409B /* Athletic.png */,
				B4F9FD8C198210D100F1409B /* Athletic@2x.png */,
				B4F9FD8D198210D100F1409B /* Cultural-tall.png */,
				B4F9FD8E198210D100F1409B /* Cultural.png */,
				B4F9FD8F198210D100F1409B /* Cultural@2x.png */,
				B4F9FD90198210D100F1409B /* Performing Arts-tall.png */,
				B4F9FD91198210D100F1409B /* Performing Arts.png */,
				B4F9FD92198210D100F1409B /* Performing Arts@2x.png */,
				B4F9FD93198210D100F1409B /* Social Service-tall.png */,
				B4F9FD94198210D100F1409B /* Social Service.png */,
				B4F9FD95198210D100F1409B /* Social Service@2x.png */,
				B4F9FD96198210D100F1409B /* Special Interest-tall.png */,
				B4F9FD97198210D100F1409B /* Special Interest.png */,
				B4F9FD98198210D100F1409B /* Special Interest@2x.png */,
				B4F224A219847D91000A0192 /* Student Activity cell.png */,
				B4F224A319847D91000A0192 /* Student Activity cell@2x.png */,
			);
			path = PNG;
			sourceTree = "<group>";
		};
		B4F9FDB6198210D100F1409B /* TabBarIcons */ = {
			isa = PBXGroup;
			children = (
				B4F9FDB7198210D100F1409B /* clubs tab bar icon.png */,
				B4F9FDB8198210D100F1409B /* clubs tab bar icon@2x.png */,
				B4F9FDB9198210D100F1409B /* Home */,
				B4F9FDBC198210D100F1409B /* maps tab bar icon.png */,
				B4F9FDBD198210D100F1409B /* maps tab bar icon@2x.png */,
				B4F9FDBE198210D100F1409B /* profile tab bar icon.png */,
				B4F9FDBF198210D100F1409B /* profile tab bar icon@2x.png */,
				B4F9FDC0198210D100F1409B /* SAO tab bar icon.png */,
				B4F9FDC1198210D100F1409B /* SAO tab bar icon@2x.png */,
			);
			path = TabBarIcons;
			sourceTree = "<group>";
		};
		B4F9FDB9198210D100F1409B /* Home */ = {
			isa = PBXGroup;
			children = (
				B4F9FDBA198210D100F1409B /* Home.png */,
				B4F9FDBB198210D100F1409B /* Home@2x.png */,
			);
			path = Home;
			sourceTree = "<group>";
		};
		B4F9FDC2198210D100F1409B /* en.lproj */ = {
			isa = PBXGroup;
			children = (
				B4F9FDC3198210D100F1409B /* InfoPlist.strings */,
				B4F9FDC5198210D100F1409B /* MainStoryboard.storyboard */,
			);
			name = en.lproj;
			path = SAO/en.lproj;
			sourceTree = "<group>";
		};
		B4F9FDC7198210D100F1409B /* PNG */ = {
			isa = PBXGroup;
			children = (
				B4F9FDC8198210D100F1409B /* Academic-tall.png */,
				B4F9FDC9198210D100F1409B /* Academic.png */,
				B4F9FDCA198210D100F1409B /* Academic@2x.png */,
				B4F9FDCB198210D100F1409B /* Athletic-tall.png */,
				B4F9FDCC198210D100F1409B /* Athletic.png */,
				B4F9FDCD198210D100F1409B /* Athletic@2x.png */,
				B4F9FDCE198210D100F1409B /* Cultural-tall.png */,
				B4F9FDCF198210D100F1409B /* Cultural.png */,
				B4F9FDD0198210D100F1409B /* Cultural@2x.png */,
				B4F9FDD1198210D100F1409B /* Performing Arts-tall.png */,
				B4F9FDD2198210D100F1409B /* Performing Arts.png */,
				B4F9FDD3198210D100F1409B /* Performing Arts@2x.png */,
				B4F9FDD4198210D100F1409B /* Social Service-tall.png */,
				B4F9FDD5198210D100F1409B /* Social Service.png */,
				B4F9FDD6198210D100F1409B /* Social Service@2x.png */,
				B4F9FDD7198210D100F1409B /* Special Interest-tall.png */,
				B4F9FDD8198210D100F1409B /* Special Interest.png */,
				B4F9FDD9198210D100F1409B /* Special Interest@2x.png */,
			);
			name = PNG;
			path = SAO/PNG;
			sourceTree = "<group>";
		};
		B4F9FDDA198210D100F1409B /* 44 and 88 PNG */ = {
			isa = PBXGroup;
			children = (
				B4F9FDDB198210D100F1409B /* Academic cell.png */,
				B4F9FDDC198210D100F1409B /* Academic cell@2x.png */,
				B4F9FDDD198210D100F1409B /* Athletic cell.png */,
				B4F9FDDE198210D100F1409B /* Athletic cell@2x.png */,
				B4F9FDDF198210D100F1409B /* Categories Final */,
				B4F9FDEC198210D100F1409B /* Cultural cell.png */,
				B4F9FDED198210D100F1409B /* Cultural cell@2x.png */,
				B4F9FDEE198210D100F1409B /* Performing Arts cell.png */,
				B4F9FDEF198210D100F1409B /* Performing Arts cell@2x.png */,
				B4F9FDF0198210D100F1409B /* Service cell.png */,
				B4F9FDF1198210D100F1409B /* Service cell@2x.png */,
				B4F9FDF2198210D100F1409B /* Special Interest cell.png */,
				B4F9FDF3198210D100F1409B /* Special Interest cell@2x.png */,
			);
			name = "44 and 88 PNG";
			path = "SAO/44 and 88 PNG";
			sourceTree = "<group>";
		};
		B4F9FDDF198210D100F1409B /* Categories Final */ = {
			isa = PBXGroup;
			children = (
				B4F9FDE0198210D100F1409B /* Academic cell.png */,
				B4F9FDE1198210D100F1409B /* Academic cell@2x.png */,
				B4F9FDE2198210D100F1409B /* Athletic cell.png */,
				B4F9FDE3198210D100F1409B /* Athletic cell@2x.png */,
				B4F9FDE4198210D100F1409B /* Cultural cell.png */,
				B4F9FDE5198210D100F1409B /* Cultural cell@2x.png */,
				B4F9FDE6198210D100F1409B /* Performing Arts cell.png */,
				B4F9FDE7198210D100F1409B /* Performing Arts cell@2x.png */,
				B4F9FDE8198210D100F1409B /* Social Service cell.png */,
				B4F9FDE9198210D100F1409B /* Social Service cell@2x.png */,
				B4F9FDEA198210D100F1409B /* Special Interest cell.png */,
				B4F9FDEB198210D100F1409B /* Special Interest cell@2x.png */,
			);
			path = "Categories Final";
			sourceTree = "<group>";
		};
		B4F9FDF4198210D100F1409B /* TabBarIcons */ = {
			isa = PBXGroup;
			children = (
				B4F9FDF5198210D100F1409B /* clubs tab bar icon.png */,
				B4F9FDF6198210D100F1409B /* clubs tab bar icon@2x.png */,
				B4F9FDF7198210D100F1409B /* Home */,
				B4F9FDFA198210D100F1409B /* maps tab bar icon.png */,
				B4F9FDFB198210D100F1409B /* maps tab bar icon@2x.png */,
				B4F9FDFC198210D100F1409B /* profile tab bar icon.png */,
				B4F9FDFD198210D100F1409B /* profile tab bar icon@2x.png */,
				B4F9FDFE198210D100F1409B /* SAO tab bar icon.png */,
				B4F9FDFF198210D100F1409B /* SAO tab bar icon@2x.png */,
			);
			name = TabBarIcons;
			path = SAO/TabBarIcons;
			sourceTree = "<group>";
		};
		B4F9FDF7198210D100F1409B /* Home */ = {
			isa = PBXGroup;
			children = (
				B4F9FDF8198210D100F1409B /* Home.png */,
				B4F9FDF9198210D100F1409B /* Home@2x.png */,
			);
			path = Home;
			sourceTree = "<group>";
		};
		B4F9FE02198210D100F1409B /* Icons */ = {
			isa = PBXGroup;
			children = (
			);
			name = Icons;
			path = SAO/Icons;
			sourceTree = "<group>";
		};
/* End PBXGroup section */

/* Begin PBXNativeTarget section */
		2C31B8DA17443CB9008801D4 /* SAO */ = {
			isa = PBXNativeTarget;
			buildConfigurationList = 2C31B8FE17443CBA008801D4 /* Build configuration list for PBXNativeTarget "SAO" */;
			buildPhases = (
				2C31B8D717443CB9008801D4 /* Sources */,
				2C31B8D817443CB9008801D4 /* Frameworks */,
				2C31B8D917443CB9008801D4 /* Resources */,
			);
			buildRules = (
			);
			dependencies = (
			);
			name = SAO;
			productName = SAO;
			productReference = 2C31B8DB17443CBA008801D4 /* SAO.app */;
			productType = "com.apple.product-type.application";
		};
/* End PBXNativeTarget section */

/* Begin PBXProject section */
		2C31B8D317443CB9008801D4 /* Project object */ = {
			isa = PBXProject;
			attributes = {
				CLASSPREFIX = SAO;
				LastUpgradeCheck = 0460;
				ORGANIZATIONNAME = "Notre Dame";
				TargetAttributes = {
					2C31B8DA17443CB9008801D4 = {
						DevelopmentTeam = PTAUHZ2E6Z;
					};
				};
			};
			buildConfigurationList = 2C31B8D617443CB9008801D4 /* Build configuration list for PBXProject "SAO" */;
			compatibilityVersion = "Xcode 3.2";
			developmentRegion = English;
			hasScannedForEncodings = 0;
			knownRegions = (
				en,
			);
			mainGroup = 2C31B8D217443CB9008801D4;
			productRefGroup = 2C31B8DC17443CBA008801D4 /* Products */;
			projectDirPath = "";
			projectRoot = "";
			targets = (
				2C31B8DA17443CB9008801D4 /* SAO */,
			);
		};
/* End PBXProject section */

/* Begin PBXResourcesBuildPhase section */
		2C31B8D917443CB9008801D4 /* Resources */ = {
			isa = PBXResourcesBuildPhase;
			buildActionMask = 2147483647;
			files = (
				B4907D66198C78E300C33C00 /* SAO_Map.jpg in Resources */,
				B45B3D1319905B8B00799D74 /* Setting Icon.png in Resources */,
				B4490C221982FEEF00580C70 /* SAO Tab No Facts 320x650.jpg in Resources */,
				B4F224A519847D91000A0192 /* Student Activity cell@2x.png in Resources */,
				B45B3D1919905D6500799D74 /* Icon.png in Resources */,
				B4490C231982FEEF00580C70 /* SAO Tab No Facts 320x411.jpg in Resources */,
				B4F22499198477CF000A0192 /* Special Interest-tall.png in Resources */,
				B45B3D0F199057CB00799D74 /* Images.xcassets in Resources */,
				B4F2249D198477CF000A0192 /* Student Activity.png in Resources */,
				B4490C1C1982FBE100580C70 /* EmptyStar.png in Resources */,
				B4F2249A198477CF000A0192 /* Special Interest.png in Resources */,
				B4490C1D1982FBE100580C70 /* EmptyStarNoShadow.png in Resources */,
				B4490C1E1982FBE100580C70 /* FilledStar.png in Resources */,
				B4490C1F1982FBE100580C70 /* FilledStarNoShadow.png in Resources */,
				B4F22492198477CF000A0192 /* Cultural@2x.png in Resources */,
				B4F22494198477CF000A0192 /* Performing Arts.png in Resources */,
				B4F22496198477CF000A0192 /* Social Service-tall.png in Resources */,
				B4490C101982FB9C00580C70 /* Academic cell.png in Resources */,
				B4F22497198477CF000A0192 /* Social Service.png in Resources */,
				B4490C111982FB9C00580C70 /* Academic cell@2x.png in Resources */,
				B4F2248F198477CF000A0192 /* Athletic@2x.png in Resources */,
				B4F2249E198477CF000A0192 /* Student Activity@2x.png in Resources */,
				B4490C121982FB9C00580C70 /* Athletic cell.png in Resources */,
				B47B6EA81992CAA2002763AE /* SAO_Map.png in Resources */,
				B4F2248C198477CF000A0192 /* Academic@2x.png in Resources */,
				B45B3D1419905B8B00799D74 /* Spotlight Icon@2x.png in Resources */,
				B4F2248A198477CF000A0192 /* Academic-tall.png in Resources */,
				B4490C131982FB9C00580C70 /* Athletic cell@2x.png in Resources */,
				B4490C141982FB9C00580C70 /* Cultural cell.png in Resources */,
				B4490C151982FB9C00580C70 /* Cultural cell@2x.png in Resources */,
				B4490C161982FB9C00580C70 /* Performing Arts cell.png in Resources */,
				B4490C171982FB9C00580C70 /* Performing Arts cell@2x.png in Resources */,
				B4490C181982FB9C00580C70 /* Social Service cell.png in Resources */,
				B4F2249C198477CF000A0192 /* Student Activity-tall.png in Resources */,
				B4490C191982FB9C00580C70 /* Social Service cell@2x.png in Resources */,
				B4490C1A1982FB9C00580C70 /* Special Interest cell.png in Resources */,
				B4F22491198477CF000A0192 /* Cultural.png in Resources */,
				B4F2249B198477CF000A0192 /* Special Interest@2x.png in Resources */,
				B4F22493198477CF000A0192 /* Performing Arts-tall.png in Resources */,
				B45B3D1719905D1B00799D74 /* Icon@2x.png in Resources */,
				B4490C1B1982FB9C00580C70 /* Special Interest cell@2x.png in Resources */,
				B4490BF31982FB1500580C70 /* Home.png in Resources */,
				B4490BF41982FB1500580C70 /* Home@2x.png in Resources */,
				B4490BF51982FB1500580C70 /* clubs tab bar icon.png in Resources */,
				B4490BF61982FB1500580C70 /* clubs tab bar icon@2x.png in Resources */,
				B4F224A419847D91000A0192 /* Student Activity cell.png in Resources */,
				B4490BF71982FB1500580C70 /* maps tab bar icon.png in Resources */,
				B4F22498198477CF000A0192 /* Social Service@2x.png in Resources */,
				B4490BF81982FB1500580C70 /* maps tab bar icon@2x.png in Resources */,
				B4490BF91982FB1500580C70 /* profile tab bar icon.png in Resources */,
				B4490BFA1982FB1500580C70 /* profile tab bar icon@2x.png in Resources */,
				B4490BFB1982FB1500580C70 /* SAO tab bar icon.png in Resources */,
				B4F2248E198477CF000A0192 /* Athletic.png in Resources */,
				B4490BFC1982FB1500580C70 /* SAO tab bar icon@2x.png in Resources */,
				B4F22490198477CF000A0192 /* Cultural-tall.png in Resources */,
				B4490C0F1982FB5A00580C70 /* Default-568h@2x.png in Resources */,
				B4490BF11982FB0800580C70 /* SAO Tab Tappable @2x.jpg in Resources */,
				B4F2248D198477CF000A0192 /* Athletic-tall.png in Resources */,
				B4490BF21982FB0800580C70 /* SAO Tab Tappable.jpg in Resources */,
				B4F2248B198477CF000A0192 /* Academic.png in Resources */,
				B4490BED1982FAEE00580C70 /* SAO-Tab-png@2x.png in Resources */,
				B4490BEE1982FAEE00580C70 /* SAO-Tab-Long-png.png in Resources */,
				B4490BEF1982FAEE00580C70 /* SAO-Tab-png.png in Resources */,
				B4490BEC1982FABF00580C70 /* MainStoryboard.storyboard in Resources */,
				B4F22495198477CF000A0192 /* Performing Arts@2x.png in Resources */,
			);
			runOnlyForDeploymentPostprocessing = 0;
		};
/* End PBXResourcesBuildPhase section */

/* Begin PBXSourcesBuildPhase section */
		2C31B8D717443CB9008801D4 /* Sources */ = {
			isa = PBXSourcesBuildPhase;
			buildActionMask = 2147483647;
			files = (
				2C31B8EB17443CBA008801D4 /* main.m in Sources */,
				2C31B8EF17443CBA008801D4 /* SAOAppDelegate.m in Sources */,
				2C31B8FB17443CBA008801D4 /* SAOViewController.m in Sources */,
				2C31B90617445367008801D4 /* SAOClubTableViewController.m in Sources */,
				2C937FEF1746A05C0095EFB7 /* CSVParser.m in Sources */,
				2C8C9664174BCFBB000416F1 /* SAOClubDataViewController.m in Sources */,
				B4F9FE45198210D100F1409B /* SAOTabBarController.m in Sources */,
				2C8C9667174BCFE8000416F1 /* SAOProfileViewController.m in Sources */,
				B4F9FE40198210D100F1409B /* SAOClubNavigationController.m in Sources */,
				2C23D8C417530F6D00B82DA9 /* SAOClubMapViewController.m in Sources */,
				2C23D8CA175317A200B82DA9 /* SAOEditProfileViewController.m in Sources */,
				2C6FBFE817BB84020047CC05 /* SAOButton.m in Sources */,
				2C6FBFF417BBCD030047CC05 /* SAOTappableView.m in Sources */,
				2C8F587B17CC81310092E639 /* SAOLoginViewController.m in Sources */,
			);
			runOnlyForDeploymentPostprocessing = 0;
		};
/* End PBXSourcesBuildPhase section */

/* Begin PBXVariantGroup section */
		2C31B8E717443CBA008801D4 /* InfoPlist.strings */ = {
			isa = PBXVariantGroup;
			children = (
				2C31B8E817443CBA008801D4 /* en */,
			);
			name = InfoPlist.strings;
			sourceTree = "<group>";
		};
		2C31B8F617443CBA008801D4 /* MainStoryboard.storyboard */ = {
			isa = PBXVariantGroup;
			children = (
				2C31B8F717443CBA008801D4 /* en */,
			);
			name = MainStoryboard.storyboard;
			sourceTree = "<group>";
		};
		B4F9FD7E198210D100F1409B /* InfoPlist.strings */ = {
			isa = PBXVariantGroup;
			children = (
				B4F9FD7F198210D100F1409B /* en */,
			);
			name = InfoPlist.strings;
			sourceTree = "<group>";
		};
		B4F9FD80198210D100F1409B /* MainStoryboard.storyboard */ = {
			isa = PBXVariantGroup;
			children = (
				B4F9FD81198210D100F1409B /* en */,
			);
			name = MainStoryboard.storyboard;
			sourceTree = "<group>";
		};
		B4F9FDC3198210D100F1409B /* InfoPlist.strings */ = {
			isa = PBXVariantGroup;
			children = (
				B4F9FDC4198210D100F1409B /* en */,
			);
			name = InfoPlist.strings;
			sourceTree = "<group>";
		};
		B4F9FDC5198210D100F1409B /* MainStoryboard.storyboard */ = {
			isa = PBXVariantGroup;
			children = (
				B4F9FDC6198210D100F1409B /* en */,
			);
			name = MainStoryboard.storyboard;
			sourceTree = "<group>";
		};
/* End PBXVariantGroup section */

/* Begin XCBuildConfiguration section */
		2C31B8FC17443CBA008801D4 /* Debug */ = {
			isa = XCBuildConfiguration;
			buildSettings = {
				ALWAYS_SEARCH_USER_PATHS = NO;
				CLANG_CXX_LANGUAGE_STANDARD = "gnu++0x";
				CLANG_CXX_LIBRARY = "libc++";
				CLANG_ENABLE_OBJC_ARC = YES;
				CLANG_WARN_CONSTANT_CONVERSION = YES;
				CLANG_WARN_EMPTY_BODY = YES;
				CLANG_WARN_ENUM_CONVERSION = YES;
				CLANG_WARN_INT_CONVERSION = YES;
				CLANG_WARN__DUPLICATE_METHOD_MATCH = YES;
				"CODE_SIGN_IDENTITY[sdk=iphoneos*]" = "iPhone Developer";
				COPY_PHASE_STRIP = NO;
				GCC_C_LANGUAGE_STANDARD = gnu99;
				GCC_DYNAMIC_NO_PIC = NO;
				GCC_OPTIMIZATION_LEVEL = 0;
				GCC_PREPROCESSOR_DEFINITIONS = (
					"DEBUG=1",
					"$(inherited)",
				);
				GCC_SYMBOLS_PRIVATE_EXTERN = NO;
				GCC_WARN_ABOUT_RETURN_TYPE = YES;
				GCC_WARN_UNINITIALIZED_AUTOS = YES;
				GCC_WARN_UNUSED_VARIABLE = YES;
				IPHONEOS_DEPLOYMENT_TARGET = 6.1;
				ONLY_ACTIVE_ARCH = YES;
				SDKROOT = iphoneos;
			};
			name = Debug;
		};
		2C31B8FD17443CBA008801D4 /* Release */ = {
			isa = XCBuildConfiguration;
			buildSettings = {
				ALWAYS_SEARCH_USER_PATHS = NO;
				CLANG_CXX_LANGUAGE_STANDARD = "gnu++0x";
				CLANG_CXX_LIBRARY = "libc++";
				CLANG_ENABLE_OBJC_ARC = YES;
				CLANG_WARN_CONSTANT_CONVERSION = YES;
				CLANG_WARN_EMPTY_BODY = YES;
				CLANG_WARN_ENUM_CONVERSION = YES;
				CLANG_WARN_INT_CONVERSION = YES;
				CLANG_WARN__DUPLICATE_METHOD_MATCH = YES;
				"CODE_SIGN_IDENTITY[sdk=iphoneos*]" = "iPhone Developer";
				COPY_PHASE_STRIP = YES;
				GCC_C_LANGUAGE_STANDARD = gnu99;
				GCC_WARN_ABOUT_RETURN_TYPE = YES;
				GCC_WARN_UNINITIALIZED_AUTOS = YES;
				GCC_WARN_UNUSED_VARIABLE = YES;
				IPHONEOS_DEPLOYMENT_TARGET = 6.1;
				OTHER_CFLAGS = "-DNS_BLOCK_ASSERTIONS=1";
				SDKROOT = iphoneos;
				VALIDATE_PRODUCT = YES;
			};
			name = Release;
		};
		2C31B8FF17443CBA008801D4 /* Debug */ = {
			isa = XCBuildConfiguration;
			buildSettings = {
				CODE_SIGN_IDENTITY = "iPhone Distribution";
				"CODE_SIGN_IDENTITY[sdk=iphoneos*]" = "iPhone Distribution";
				GCC_PRECOMPILE_PREFIX_HEADER = YES;
				GCC_PREFIX_HEADER = "SAO/SAO-Prefix.pch";
				INFOPLIST_FILE = "SAO/SAO-Info.plist";
				IPHONEOS_DEPLOYMENT_TARGET = 7.0;
				PRODUCT_NAME = "$(TARGET_NAME)";
				PROVISIONING_PROFILE = "";
				SDKROOT = iphoneos7.1;
				TARGETED_DEVICE_FAMILY = 1;
				VALID_ARCHS = "arm64 armv7";
				WRAPPER_EXTENSION = app;
			};
			name = Debug;
		};
		2C31B90017443CBA008801D4 /* Release */ = {
			isa = XCBuildConfiguration;
			buildSettings = {
				CODE_SIGN_IDENTITY = "iPhone Distribution";
				"CODE_SIGN_IDENTITY[sdk=iphoneos*]" = "iPhone Distribution";
				GCC_PRECOMPILE_PREFIX_HEADER = YES;
				GCC_PREFIX_HEADER = "SAO/SAO-Prefix.pch";
				INFOPLIST_FILE = "SAO/SAO-Info.plist";
				IPHONEOS_DEPLOYMENT_TARGET = 7.0;
				PRODUCT_NAME = "$(TARGET_NAME)";
				PROVISIONING_PROFILE = "";
				SDKROOT = iphoneos7.1;
				TARGETED_DEVICE_FAMILY = 1;
				VALID_ARCHS = "arm64 armv7";
				WRAPPER_EXTENSION = app;
			};
			name = Release;
		};
/* End XCBuildConfiguration section */

/* Begin XCConfigurationList section */
		2C31B8D617443CB9008801D4 /* Build configuration list for PBXProject "SAO" */ = {
			isa = XCConfigurationList;
			buildConfigurations = (
				2C31B8FC17443CBA008801D4 /* Debug */,
				2C31B8FD17443CBA008801D4 /* Release */,
			);
			defaultConfigurationIsVisible = 0;
			defaultConfigurationName = Release;
		};
		2C31B8FE17443CBA008801D4 /* Build configuration list for PBXNativeTarget "SAO" */ = {
			isa = XCConfigurationList;
			buildConfigurations = (
				2C31B8FF17443CBA008801D4 /* Debug */,
				2C31B90017443CBA008801D4 /* Release */,
			);
			defaultConfigurationIsVisible = 0;
			defaultConfigurationName = Release;
		};
/* End XCConfigurationList section */
	};
	rootObject = 2C31B8D317443CB9008801D4 /* Project object */;
}
