// !$*UTF8*$!
{
	archiveVersion = 1;
	classes = {
	};
	objectVersion = 46;
	objects = {

/* Begin PBXBuildFile section */
		2C31B8DF17443CBA008801D4 /* UIKit.framework in Frameworks */ = {isa = PBXBuildFile; fileRef = 2C31B8DE17443CBA008801D4 /* UIKit.framework */; };
		2C31B8E117443CBA008801D4 /* Foundation.framework in Frameworks */ = {isa = PBXBuildFile; fileRef = 2C31B8E017443CBA008801D4 /* Foundation.framework */; };
		2C31B8E317443CBA008801D4 /* CoreGraphics.framework in Frameworks */ = {isa = PBXBuildFile; fileRef = 2C31B8E217443CBA008801D4 /* CoreGraphics.framework */; };
		2C31B8E917443CBA008801D4 /* InfoPlist.strings in Resources */ = {isa = PBXBuildFile; fileRef = 2C31B8E717443CBA008801D4 /* InfoPlist.strings */; };
		2C31B8EB17443CBA008801D4 /* main.m in Sources */ = {isa = PBXBuildFile; fileRef = 2C31B8EA17443CBA008801D4 /* main.m */; };
		2C31B8EF17443CBA008801D4 /* SAOAppDelegate.m in Sources */ = {isa = PBXBuildFile; fileRef = 2C31B8EE17443CBA008801D4 /* SAOAppDelegate.m */; };
		2C31B8F117443CBA008801D4 /* Default.png in Resources */ = {isa = PBXBuildFile; fileRef = 2C31B8F017443CBA008801D4 /* Default.png */; };
		2C31B8F317443CBA008801D4 /* Default@2x.png in Resources */ = {isa = PBXBuildFile; fileRef = 2C31B8F217443CBA008801D4 /* Default@2x.png */; };
		2C31B8F517443CBA008801D4 /* Default-568h@2x.png in Resources */ = {isa = PBXBuildFile; fileRef = 2C31B8F417443CBA008801D4 /* Default-568h@2x.png */; };
		2C31B8F817443CBA008801D4 /* MainStoryboard.storyboard in Resources */ = {isa = PBXBuildFile; fileRef = 2C31B8F617443CBA008801D4 /* MainStoryboard.storyboard */; };
		2C31B8FB17443CBA008801D4 /* SAOViewController.m in Sources */ = {isa = PBXBuildFile; fileRef = 2C31B8FA17443CBA008801D4 /* SAOViewController.m */; };
/* End PBXBuildFile section */

/* Begin PBXFileReference section */
		2C31B8DB17443CBA008801D4 /* SAO.app */ = {isa = PBXFileReference; explicitFileType = wrapper.application; includeInIndex = 0; path = SAO.app; sourceTree = BUILT_PRODUCTS_DIR; };
		2C31B8DE17443CBA008801D4 /* UIKit.framework */ = {isa = PBXFileReference; lastKnownFileType = wrapper.framework; name = UIKit.framework; path = System/Library/Frameworks/UIKit.framework; sourceTree = SDKROOT; };
		2C31B8E017443CBA008801D4 /* Foundation.framework */ = {isa = PBXFileReference; lastKnownFileType = wrapper.framework; name = Foundation.framework; path = System/Library/Frameworks/Foundation.framework; sourceTree = SDKROOT; };
		2C31B8E217443CBA008801D4 /* CoreGraphics.framework */ = {isa = PBXFileReference; lastKnownFileType = wrapper.framework; name = CoreGraphics.framework; path = System/Library/Frameworks/CoreGraphics.framework; sourceTree = SDKROOT; };
		2C31B8E617443CBA008801D4 /* SAO-Info.plist */ = {isa = PBXFileReference; lastKnownFileType = text.plist.xml; path = "SAO-Info.plist"; sourceTree = "<group>"; };
		2C31B8E817443CBA008801D4 /* en */ = {isa = PBXFileReference; lastKnownFileType = text.plist.strings; name = en; path = en.lproj/InfoPlist.strings; sourceTree = "<group>"; };
		2C31B8EA17443CBA008801D4 /* main.m */ = {isa = PBXFileReference; lastKnownFileType = sourcecode.c.objc; path = main.m; sourceTree = "<group>"; };
		2C31B8EC17443CBA008801D4 /* SAO-Prefix.pch */ = {isa = PBXFileReference; lastKnownFileType = sourcecode.c.h; path = "SAO-Prefix.pch"; sourceTree = "<group>"; };
		2C31B8ED17443CBA008801D4 /* SAOAppDelegate.h */ = {isa = PBXFileReference; lastKnownFileType = sourcecode.c.h; path = SAOAppDelegate.h; sourceTree = "<group>"; };
		2C31B8EE17443CBA008801D4 /* SAOAppDelegate.m */ = {isa = PBXFileReference; lastKnownFileType = sourcecode.c.objc; path = SAOAppDelegate.m; sourceTree = "<group>"; };
		2C31B8F017443CBA008801D4 /* Default.png */ = {isa = PBXFileReference; lastKnownFileType = image.png; path = Default.png; sourceTree = "<group>"; };
		2C31B8F217443CBA008801D4 /* Default@2x.png */ = {isa = PBXFileReference; lastKnownFileType = image.png; path = "Default@2x.png"; sourceTree = "<group>"; };
		2C31B8F417443CBA008801D4 /* Default-568h@2x.png */ = {isa = PBXFileReference; lastKnownFileType = image.png; path = "Default-568h@2x.png"; sourceTree = "<group>"; };
		2C31B8F717443CBA008801D4 /* en */ = {isa = PBXFileReference; lastKnownFileType = file.storyboard; name = en; path = en.lproj/MainStoryboard.storyboard; sourceTree = "<group>"; };
		2C31B8F917443CBA008801D4 /* SAOViewController.h */ = {isa = PBXFileReference; lastKnownFileType = sourcecode.c.h; path = SAOViewController.h; sourceTree = "<group>"; };
		2C31B8FA17443CBA008801D4 /* SAOViewController.m */ = {isa = PBXFileReference; lastKnownFileType = sourcecode.c.objc; path = SAOViewController.m; sourceTree = "<group>"; };
/* End PBXFileReference section */

/* Begin PBXFrameworksBuildPhase section */
		2C31B8D817443CB9008801D4 /* Frameworks */ = {
			isa = PBXFrameworksBuildPhase;
			buildActionMask = 2147483647;
			files = (
				2C31B8DF17443CBA008801D4 /* UIKit.framework in Frameworks */,
				2C31B8E117443CBA008801D4 /* Foundation.framework in Frameworks */,
				2C31B8E317443CBA008801D4 /* CoreGraphics.framework in Frameworks */,
			);
			runOnlyForDeploymentPostprocessing = 0;
		};
/* End PBXFrameworksBuildPhase section */

/* Begin PBXGroup section */
		2C31B8D217443CB9008801D4 = {
			isa = PBXGroup;
			children = (
				2C31B8E417443CBA008801D4 /* SAO */,
				2C31B8DD17443CBA008801D4 /* Frameworks */,
				2C31B8DC17443CBA008801D4 /* Products */,
			);
			sourceTree = "<group>";
		};
		2C31B8DC17443CBA008801D4 /* Products */ = {
			isa = PBXGroup;
			children = (
				2C31B8DB17443CBA008801D4 /* SAO.app */,
			);
			name = Products;
			sourceTree = "<group>";
		};
		2C31B8DD17443CBA008801D4 /* Frameworks */ = {
			isa = PBXGroup;
			children = (
				2C31B8DE17443CBA008801D4 /* UIKit.framework */,
				2C31B8E017443CBA008801D4 /* Foundation.framework */,
				2C31B8E217443CBA008801D4 /* CoreGraphics.framework */,
			);
			name = Frameworks;
			sourceTree = "<group>";
		};
		2C31B8E417443CBA008801D4 /* SAO */ = {
			isa = PBXGroup;
			children = (
				2C31B8ED17443CBA008801D4 /* SAOAppDelegate.h */,
				2C31B8EE17443CBA008801D4 /* SAOAppDelegate.m */,
				2C31B8F617443CBA008801D4 /* MainStoryboard.storyboard */,
				2C31B8F917443CBA008801D4 /* SAOViewController.h */,
				2C31B8FA17443CBA008801D4 /* SAOViewController.m */,
				2C31B8E517443CBA008801D4 /* Supporting Files */,
			);
			path = SAO;
			sourceTree = "<group>";
		};
		2C31B8E517443CBA008801D4 /* Supporting Files */ = {
			isa = PBXGroup;
			children = (
				2C31B8E617443CBA008801D4 /* SAO-Info.plist */,
				2C31B8E717443CBA008801D4 /* InfoPlist.strings */,
				2C31B8EA17443CBA008801D4 /* main.m */,
				2C31B8EC17443CBA008801D4 /* SAO-Prefix.pch */,
				2C31B8F017443CBA008801D4 /* Default.png */,
				2C31B8F217443CBA008801D4 /* Default@2x.png */,
				2C31B8F417443CBA008801D4 /* Default-568h@2x.png */,
			);
			name = "Supporting Files";
			sourceTree = "<group>";
		};
/* End PBXGroup section */

/* Begin PBXNativeTarget section */
		2C31B8DA17443CB9008801D4 /* SAO */ = {
			isa = PBXNativeTarget;
			buildConfigurationList = 2C31B8FE17443CBA008801D4 /* Build configuration list for PBXNativeTarget "SAO" */;
			buildPhases = (
				2C31B8D717443CB9008801D4 /* Sources */,
				2C31B8D817443CB9008801D4 /* Frameworks */,
				2C31B8D917443CB9008801D4 /* Resources */,
			);
			buildRules = (
			);
			dependencies = (
			);
			name = SAO;
			productName = SAO;
			productReference = 2C31B8DB17443CBA008801D4 /* SAO.app */;
			productType = "com.apple.product-type.application";
		};
/* End PBXNativeTarget section */

/* Begin PBXProject section */
		2C31B8D317443CB9008801D4 /* Project object */ = {
			isa = PBXProject;
			attributes = {
				CLASSPREFIX = SAO;
				LastUpgradeCheck = 0460;
				ORGANIZATIONNAME = "Notre Dame";
			};
			buildConfigurationList = 2C31B8D617443CB9008801D4 /* Build configuration list for PBXProject "SAO" */;
			compatibilityVersion = "Xcode 3.2";
			developmentRegion = English;
			hasScannedForEncodings = 0;
			knownRegions = (
				en,
			);
			mainGroup = 2C31B8D217443CB9008801D4;
			productRefGroup = 2C31B8DC17443CBA008801D4 /* Products */;
			projectDirPath = "";
			projectRoot = "";
			targets = (
				2C31B8DA17443CB9008801D4 /* SAO */,
			);
		};
/* End PBXProject section */

/* Begin PBXResourcesBuildPhase section */
		2C31B8D917443CB9008801D4 /* Resources */ = {
			isa = PBXResourcesBuildPhase;
			buildActionMask = 2147483647;
			files = (
				2C31B8E917443CBA008801D4 /* InfoPlist.strings in Resources */,
				2C31B8F117443CBA008801D4 /* Default.png in Resources */,
				2C31B8F317443CBA008801D4 /* Default@2x.png in Resources */,
				2C31B8F517443CBA008801D4 /* Default-568h@2x.png in Resources */,
				2C31B8F817443CBA008801D4 /* MainStoryboard.storyboard in Resources */,
			);
			runOnlyForDeploymentPostprocessing = 0;
		};
/* End PBXResourcesBuildPhase section */

/* Begin PBXSourcesBuildPhase section */
		2C31B8D717443CB9008801D4 /* Sources */ = {
			isa = PBXSourcesBuildPhase;
			buildActionMask = 2147483647;
			files = (
				2C31B8EB17443CBA008801D4 /* main.m in Sources */,
				2C31B8EF17443CBA008801D4 /* SAOAppDelegate.m in Sources */,
				2C31B8FB17443CBA008801D4 /* SAOViewController.m in Sources */,
			);
			runOnlyForDeploymentPostprocessing = 0;
		};
/* End PBXSourcesBuildPhase section */

/* Begin PBXVariantGroup section */
		2C31B8E717443CBA008801D4 /* InfoPlist.strings */ = {
			isa = PBXVariantGroup;
			children = (
				2C31B8E817443CBA008801D4 /* en */,
			);
			name = InfoPlist.strings;
			sourceTree = "<group>";
		};
		2C31B8F617443CBA008801D4 /* MainStoryboard.storyboard */ = {
			isa = PBXVariantGroup;
			children = (
				2C31B8F717443CBA008801D4 /* en */,
			);
			name = MainStoryboard.storyboard;
			sourceTree = "<group>";
		};
/* End PBXVariantGroup section */

/* Begin XCBuildConfiguration section */
		2C31B8FC17443CBA008801D4 /* Debug */ = {
			isa = XCBuildConfiguration;
			buildSettings = {
				ALWAYS_SEARCH_USER_PATHS = NO;
				CLANG_CXX_LANGUAGE_STANDARD = "gnu++0x";
				CLANG_CXX_LIBRARY = "libc++";
				CLANG_ENABLE_OBJC_ARC = YES;
				CLANG_WARN_CONSTANT_CONVERSION = YES;
				CLANG_WARN_EMPTY_BODY = YES;
				CLANG_WARN_ENUM_CONVERSION = YES;
				CLANG_WARN_INT_CONVERSION = YES;
				CLANG_WARN__DUPLICATE_METHOD_MATCH = YES;
				"CODE_SIGN_IDENTITY[sdk=iphoneos*]" = "iPhone Developer";
				COPY_PHASE_STRIP = NO;
				GCC_C_LANGUAGE_STANDARD = gnu99;
				GCC_DYNAMIC_NO_PIC = NO;
				GCC_OPTIMIZATION_LEVEL = 0;
				GCC_PREPROCESSOR_DEFINITIONS = (
					"DEBUG=1",
					"$(inherited)",
				);
				GCC_SYMBOLS_PRIVATE_EXTERN = NO;
				GCC_WARN_ABOUT_RETURN_TYPE = YES;
				GCC_WARN_UNINITIALIZED_AUTOS = YES;
				GCC_WARN_UNUSED_VARIABLE = YES;
				IPHONEOS_DEPLOYMENT_TARGET = 6.1;
				ONLY_ACTIVE_ARCH = YES;
				SDKROOT = iphoneos;
			};
			name = Debug;
		};
		2C31B8FD17443CBA008801D4 /* Release */ = {
			isa = XCBuildConfiguration;
			buildSettings = {
				ALWAYS_SEARCH_USER_PATHS = NO;
				CLANG_CXX_LANGUAGE_STANDARD = "gnu++0x";
				CLANG_CXX_LIBRARY = "libc++";
				CLANG_ENABLE_OBJC_ARC = YES;
				CLANG_WARN_CONSTANT_CONVERSION = YES;
				CLANG_WARN_EMPTY_BODY = YES;
				CLANG_WARN_ENUM_CONVERSION = YES;
				CLANG_WARN_INT_CONVERSION = YES;
				CLANG_WARN__DUPLICATE_METHOD_MATCH = YES;
				"CODE_SIGN_IDENTITY[sdk=iphoneos*]" = "iPhone Developer";
				COPY_PHASE_STRIP = YES;
				GCC_C_LANGUAGE_STANDARD = gnu99;
				GCC_WARN_ABOUT_RETURN_TYPE = YES;
				GCC_WARN_UNINITIALIZED_AUTOS = YES;
				GCC_WARN_UNUSED_VARIABLE = YES;
				IPHONEOS_DEPLOYMENT_TARGET = 6.1;
				OTHER_CFLAGS = "-DNS_BLOCK_ASSERTIONS=1";
				SDKROOT = iphoneos;
				VALIDATE_PRODUCT = YES;
			};
			name = Release;
		};
		2C31B8FF17443CBA008801D4 /* Debug */ = {
			isa = XCBuildConfiguration;
			buildSettings = {
				GCC_PRECOMPILE_PREFIX_HEADER = YES;
				GCC_PREFIX_HEADER = "SAO/SAO-Prefix.pch";
				INFOPLIST_FILE = "SAO/SAO-Info.plist";
				PRODUCT_NAME = "$(TARGET_NAME)";
				WRAPPER_EXTENSION = app;
			};
			name = Debug;
		};
		2C31B90017443CBA008801D4 /* Release */ = {
			isa = XCBuildConfiguration;
			buildSettings = {
				GCC_PRECOMPILE_PREFIX_HEADER = YES;
				GCC_PREFIX_HEADER = "SAO/SAO-Prefix.pch";
				INFOPLIST_FILE = "SAO/SAO-Info.plist";
				PRODUCT_NAME = "$(TARGET_NAME)";
				WRAPPER_EXTENSION = app;
			};
			name = Release;
		};
/* End XCBuildConfiguration section */

/* Begin XCConfigurationList section */
		2C31B8D617443CB9008801D4 /* Build configuration list for PBXProject "SAO" */ = {
			isa = XCConfigurationList;
			buildConfigurations = (
				2C31B8FC17443CBA008801D4 /* Debug */,
				2C31B8FD17443CBA008801D4 /* Release */,
			);
			defaultConfigurationIsVisible = 0;
			defaultConfigurationName = Release;
		};
		2C31B8FE17443CBA008801D4 /* Build configuration list for PBXNativeTarget "SAO" */ = {
			isa = XCConfigurationList;
			buildConfigurations = (
				2C31B8FF17443CBA008801D4 /* Debug */,
				2C31B90017443CBA008801D4 /* Release */,
			);
			defaultConfigurationIsVisible = 0;
		};
/* End XCConfigurationList section */
	};
	rootObject = 2C31B8D317443CB9008801D4 /* Project object */;
}
